// !$*UTF8*$!
{
	archiveVersion = 1;
	classes = {
	};
	objectVersion = 55;
	objects = {

/* Begin PBXBuildFile section */
		8423669D2C734A1000E879E3 /* QuizStepViewModel.swift in Sources */ = {isa = PBXBuildFile; fileRef = 8423669C2C734A1000E879E3 /* QuizStepViewModel.swift */; };
		8423669F2C734A2000E879E3 /* QuizResultsViewModel.swift in Sources */ = {isa = PBXBuildFile; fileRef = 8423669E2C734A2000E879E3 /* QuizResultsViewModel.swift */; };
		842366A12C734A2E00E879E3 /* QuizQuestion.swift in Sources */ = {isa = PBXBuildFile; fileRef = 842366A02C734A2E00E879E3 /* QuizQuestion.swift */; };
		842366A32C734B4500E879E3 /* QuestionFactory.swift in Sources */ = {isa = PBXBuildFile; fileRef = 842366A22C734B4500E879E3 /* QuestionFactory.swift */; };
		842366A52C7376B700E879E3 /* QuestionFactoryProtocol .swift in Sources */ = {isa = PBXBuildFile; fileRef = 842366A42C7376B700E879E3 /* QuestionFactoryProtocol .swift */; };
		842366A72C7381C100E879E3 /* QuestionFactoryDelegate.swift in Sources */ = {isa = PBXBuildFile; fileRef = 842366A62C7381C100E879E3 /* QuestionFactoryDelegate.swift */; };
		845BAE9E2C8DABBD006CFD0F /* SimpleUITest.swift in Sources */ = {isa = PBXBuildFile; fileRef = 84B9615B2C8ADFAA0087B502 /* SimpleUITest.swift */; };
		845BAEAA2C8DB088006CFD0F /* MovieQuizTests.swift in Sources */ = {isa = PBXBuildFile; fileRef = 845BAEA92C8DB088006CFD0F /* MovieQuizTests.swift */; };
		845BAEAB2C8DB092006CFD0F /* MoviesLoaderTests.swift in Sources */ = {isa = PBXBuildFile; fileRef = 84F76BA82C8A11CC0022792C /* MoviesLoaderTests.swift */; };
		846211A72C92F28500F4D535 /* MovieQuizPresenter.swift in Sources */ = {isa = PBXBuildFile; fileRef = 846211A62C92F28500F4D535 /* MovieQuizPresenter.swift */; };
		846667C62C982A770073251F /* MovieQuizViewControllerProtocol.swift in Sources */ = {isa = PBXBuildFile; fileRef = 846667C52C982A770073251F /* MovieQuizViewControllerProtocol.swift */; };
		84835DBC2C64D202007DD34B /* YS Display-Bold.ttf in Resources */ = {isa = PBXBuildFile; fileRef = 84835DBA2C64D202007DD34B /* YS Display-Bold.ttf */; };
		84835DBD2C64D202007DD34B /* YS Display-Medium.ttf in Resources */ = {isa = PBXBuildFile; fileRef = 84835DBB2C64D202007DD34B /* YS Display-Medium.ttf */; };
		84A57B1F2C873DD60044A5BB /* NetworkClient.swift in Sources */ = {isa = PBXBuildFile; fileRef = 84A57B1E2C873DD60044A5BB /* NetworkClient.swift */; };
		84A57B212C8741310044A5BB /* MostPopularMovies.swift in Sources */ = {isa = PBXBuildFile; fileRef = 84A57B202C8741310044A5BB /* MostPopularMovies.swift */; };
		84A57B232C8741620044A5BB /* MoviesLoader.swift in Sources */ = {isa = PBXBuildFile; fileRef = 84A57B222C8741620044A5BB /* MoviesLoader.swift */; };
		84B9615E2C8ADFAA0087B502 /* SimpleUITestLaunchTests.swift in Sources */ = {isa = PBXBuildFile; fileRef = 84B9615D2C8ADFAA0087B502 /* SimpleUITestLaunchTests.swift */; };
		84C0C9F62C9AB6F6003D8EBA /* MovieQuizPresenterTests.swift in Sources */ = {isa = PBXBuildFile; fileRef = 84C0C9EC2C9AB59F003D8EBA /* MovieQuizPresenterTests.swift */; };
		84CBAE842C749BE0003D7781 /* AlertModel.swift in Sources */ = {isa = PBXBuildFile; fileRef = 84CBAE832C749BE0003D7781 /* AlertModel.swift */; };
		84CBAE862C749C20003D7781 /* AlertPresenter.swift in Sources */ = {isa = PBXBuildFile; fileRef = 84CBAE852C749C20003D7781 /* AlertPresenter.swift */; };
		84CBAE882C74CF26003D7781 /* StatisticServiceProtocol.swift in Sources */ = {isa = PBXBuildFile; fileRef = 84CBAE872C74CF26003D7781 /* StatisticServiceProtocol.swift */; };
		84CBAE8A2C74D1AD003D7781 /* GameResult.swift in Sources */ = {isa = PBXBuildFile; fileRef = 84CBAE892C74D1AD003D7781 /* GameResult.swift */; };
		84CBAE8C2C74D41C003D7781 /* StatisticService.swift in Sources */ = {isa = PBXBuildFile; fileRef = 84CBAE8B2C74D41C003D7781 /* StatisticService.swift */; };
		84DCD9AB2C8E2737007A9F1F /* StubNetworkClient.swift in Sources */ = {isa = PBXBuildFile; fileRef = 84F76BB02C8A14B60022792C /* StubNetworkClient.swift */; };
		84F16F3C2C8DA4B200C58D86 /* SimpleUITest.swift in Sources */ = {isa = PBXBuildFile; fileRef = 84B9615B2C8ADFAA0087B502 /* SimpleUITest.swift */; };
		84F76B9C2C8A0C650022792C /* ArrayTests.swift in Sources */ = {isa = PBXBuildFile; fileRef = 84F76B9B2C8A0C650022792C /* ArrayTests.swift */; };
		84F76BAF2C8A12690022792C /* MoviesLoaderTests.swift in Sources */ = {isa = PBXBuildFile; fileRef = 84F76BA82C8A11CC0022792C /* MoviesLoaderTests.swift */; };
		84F76BC62C8A29A80022792C /* MovieQuizUITests.swift in Sources */ = {isa = PBXBuildFile; fileRef = 84F76BC52C8A29A80022792C /* MovieQuizUITests.swift */; };
		AD1ABAB22831907B00B3E448 /* AppDelegate.swift in Sources */ = {isa = PBXBuildFile; fileRef = AD1ABAB12831907B00B3E448 /* AppDelegate.swift */; };
		AD1ABAB42831907B00B3E448 /* SceneDelegate.swift in Sources */ = {isa = PBXBuildFile; fileRef = AD1ABAB32831907B00B3E448 /* SceneDelegate.swift */; };
		AD1ABAB62831907B00B3E448 /* MovieQuizViewController.swift in Sources */ = {isa = PBXBuildFile; fileRef = AD1ABAB52831907B00B3E448 /* MovieQuizViewController.swift */; };
		AD1ABAB92831907B00B3E448 /* Main.storyboard in Resources */ = {isa = PBXBuildFile; fileRef = AD1ABAB72831907B00B3E448 /* Main.storyboard */; };
		AD1ABABB2831907F00B3E448 /* Assets.xcassets in Resources */ = {isa = PBXBuildFile; fileRef = AD1ABABA2831907F00B3E448 /* Assets.xcassets */; };
		AD1ABABE2831907F00B3E448 /* LaunchScreen.storyboard in Resources */ = {isa = PBXBuildFile; fileRef = AD1ABABC2831907F00B3E448 /* LaunchScreen.storyboard */; };
		AD5EE5DE284D7887003966EF /* UIColor+Extensions.swift in Sources */ = {isa = PBXBuildFile; fileRef = AD5EE5DD284D7887003966EF /* UIColor+Extensions.swift */; };
		AD77F5742857F8810062FB14 /* Date+Extensions.swift in Sources */ = {isa = PBXBuildFile; fileRef = AD77F5732857F8810062FB14 /* Date+Extensions.swift */; };
		AD7AFA552836189F00399704 /* Array+Extensions.swift in Sources */ = {isa = PBXBuildFile; fileRef = AD7AFA542836189F00399704 /* Array+Extensions.swift */; };
/* End PBXBuildFile section */

/* Begin PBXContainerItemProxy section */
		84B9615F2C8ADFAA0087B502 /* PBXContainerItemProxy */ = {
			isa = PBXContainerItemProxy;
			containerPortal = AD1ABAA62831907B00B3E448 /* Project object */;
			proxyType = 1;
			remoteGlobalIDString = AD1ABAAD2831907B00B3E448;
			remoteInfo = MovieQuiz;
		};
		84C0C9EE2C9AB59F003D8EBA /* PBXContainerItemProxy */ = {
			isa = PBXContainerItemProxy;
			containerPortal = AD1ABAA62831907B00B3E448 /* Project object */;
			proxyType = 1;
			remoteGlobalIDString = AD1ABAAD2831907B00B3E448;
			remoteInfo = MovieQuiz;
		};
		84F76B9D2C8A0C650022792C /* PBXContainerItemProxy */ = {
			isa = PBXContainerItemProxy;
			containerPortal = AD1ABAA62831907B00B3E448 /* Project object */;
			proxyType = 1;
			remoteGlobalIDString = AD1ABAAD2831907B00B3E448;
			remoteInfo = MovieQuiz;
		};
		84F76BAA2C8A11CC0022792C /* PBXContainerItemProxy */ = {
			isa = PBXContainerItemProxy;
			containerPortal = AD1ABAA62831907B00B3E448 /* Project object */;
			proxyType = 1;
			remoteGlobalIDString = AD1ABAAD2831907B00B3E448;
			remoteInfo = MovieQuiz;
		};
		84F76BC92C8A29A80022792C /* PBXContainerItemProxy */ = {
			isa = PBXContainerItemProxy;
			containerPortal = AD1ABAA62831907B00B3E448 /* Project object */;
			proxyType = 1;
			remoteGlobalIDString = AD1ABAAD2831907B00B3E448;
			remoteInfo = MovieQuiz;
		};
/* End PBXContainerItemProxy section */

/* Begin PBXFileReference section */
		8423669C2C734A1000E879E3 /* QuizStepViewModel.swift */ = {isa = PBXFileReference; lastKnownFileType = sourcecode.swift; path = QuizStepViewModel.swift; sourceTree = "<group>"; };
		8423669E2C734A2000E879E3 /* QuizResultsViewModel.swift */ = {isa = PBXFileReference; lastKnownFileType = sourcecode.swift; path = QuizResultsViewModel.swift; sourceTree = "<group>"; };
		842366A02C734A2E00E879E3 /* QuizQuestion.swift */ = {isa = PBXFileReference; lastKnownFileType = sourcecode.swift; path = QuizQuestion.swift; sourceTree = "<group>"; };
		842366A22C734B4500E879E3 /* QuestionFactory.swift */ = {isa = PBXFileReference; lastKnownFileType = sourcecode.swift; path = QuestionFactory.swift; sourceTree = "<group>"; };
		842366A42C7376B700E879E3 /* QuestionFactoryProtocol .swift */ = {isa = PBXFileReference; lastKnownFileType = sourcecode.swift; path = "QuestionFactoryProtocol .swift"; sourceTree = "<group>"; };
		842366A62C7381C100E879E3 /* QuestionFactoryDelegate.swift */ = {isa = PBXFileReference; lastKnownFileType = sourcecode.swift; path = QuestionFactoryDelegate.swift; sourceTree = "<group>"; };
		845BAEA92C8DB088006CFD0F /* MovieQuizTests.swift */ = {isa = PBXFileReference; fileEncoding = 4; lastKnownFileType = sourcecode.swift; name = MovieQuizTests.swift; path = MovieQuizTests/MovieQuizTests.swift; sourceTree = SOURCE_ROOT; };
		846211A62C92F28500F4D535 /* MovieQuizPresenter.swift */ = {isa = PBXFileReference; lastKnownFileType = sourcecode.swift; path = MovieQuizPresenter.swift; sourceTree = "<group>"; };
		846667C52C982A770073251F /* MovieQuizViewControllerProtocol.swift */ = {isa = PBXFileReference; lastKnownFileType = sourcecode.swift; path = MovieQuizViewControllerProtocol.swift; sourceTree = "<group>"; };
		84835DBA2C64D202007DD34B /* YS Display-Bold.ttf */ = {isa = PBXFileReference; lastKnownFileType = file; path = "YS Display-Bold.ttf"; sourceTree = "<group>"; };
		84835DBB2C64D202007DD34B /* YS Display-Medium.ttf */ = {isa = PBXFileReference; lastKnownFileType = file; path = "YS Display-Medium.ttf"; sourceTree = "<group>"; };
		84A57B1E2C873DD60044A5BB /* NetworkClient.swift */ = {isa = PBXFileReference; lastKnownFileType = sourcecode.swift; path = NetworkClient.swift; sourceTree = "<group>"; };
		84A57B202C8741310044A5BB /* MostPopularMovies.swift */ = {isa = PBXFileReference; lastKnownFileType = sourcecode.swift; path = MostPopularMovies.swift; sourceTree = "<group>"; };
		84A57B222C8741620044A5BB /* MoviesLoader.swift */ = {isa = PBXFileReference; lastKnownFileType = sourcecode.swift; path = MoviesLoader.swift; sourceTree = "<group>"; };
		84B961592C8ADFAA0087B502 /* SimpleUITest.xctest */ = {isa = PBXFileReference; explicitFileType = wrapper.cfbundle; includeInIndex = 0; path = SimpleUITest.xctest; sourceTree = BUILT_PRODUCTS_DIR; };
		84B9615B2C8ADFAA0087B502 /* SimpleUITest.swift */ = {isa = PBXFileReference; lastKnownFileType = sourcecode.swift; path = SimpleUITest.swift; sourceTree = "<group>"; };
		84B9615D2C8ADFAA0087B502 /* SimpleUITestLaunchTests.swift */ = {isa = PBXFileReference; lastKnownFileType = sourcecode.swift; path = SimpleUITestLaunchTests.swift; sourceTree = "<group>"; };
		84C0C9EA2C9AB59F003D8EBA /* MovieQuizViewControllerProtocol.xctest */ = {isa = PBXFileReference; explicitFileType = wrapper.cfbundle; includeInIndex = 0; path = MovieQuizViewControllerProtocol.xctest; sourceTree = BUILT_PRODUCTS_DIR; };
		84C0C9EC2C9AB59F003D8EBA /* MovieQuizPresenterTests.swift */ = {isa = PBXFileReference; lastKnownFileType = sourcecode.swift; path = MovieQuizPresenterTests.swift; sourceTree = "<group>"; };
		84CBAE832C749BE0003D7781 /* AlertModel.swift */ = {isa = PBXFileReference; lastKnownFileType = sourcecode.swift; path = AlertModel.swift; sourceTree = "<group>"; };
		84CBAE852C749C20003D7781 /* AlertPresenter.swift */ = {isa = PBXFileReference; lastKnownFileType = sourcecode.swift; path = AlertPresenter.swift; sourceTree = "<group>"; };
		84CBAE872C74CF26003D7781 /* StatisticServiceProtocol.swift */ = {isa = PBXFileReference; lastKnownFileType = sourcecode.swift; path = StatisticServiceProtocol.swift; sourceTree = "<group>"; };
		84CBAE892C74D1AD003D7781 /* GameResult.swift */ = {isa = PBXFileReference; lastKnownFileType = sourcecode.swift; path = GameResult.swift; sourceTree = "<group>"; };
		84CBAE8B2C74D41C003D7781 /* StatisticService.swift */ = {isa = PBXFileReference; lastKnownFileType = sourcecode.swift; path = StatisticService.swift; sourceTree = "<group>"; };
		84F76B992C8A0C650022792C /* ArrayTests.xctest */ = {isa = PBXFileReference; explicitFileType = wrapper.cfbundle; includeInIndex = 0; path = ArrayTests.xctest; sourceTree = BUILT_PRODUCTS_DIR; };
		84F76B9B2C8A0C650022792C /* ArrayTests.swift */ = {isa = PBXFileReference; lastKnownFileType = sourcecode.swift; path = ArrayTests.swift; sourceTree = "<group>"; };
		84F76BA62C8A11CC0022792C /* MoviesLoaderTests.xctest */ = {isa = PBXFileReference; explicitFileType = wrapper.cfbundle; includeInIndex = 0; path = MoviesLoaderTests.xctest; sourceTree = BUILT_PRODUCTS_DIR; };
		84F76BA82C8A11CC0022792C /* MoviesLoaderTests.swift */ = {isa = PBXFileReference; lastKnownFileType = sourcecode.swift; name = MoviesLoaderTests.swift; path = ../MoviesLoaderTests/MoviesLoaderTests.swift; sourceTree = "<group>"; };
		84F76BB02C8A14B60022792C /* StubNetworkClient.swift */ = {isa = PBXFileReference; lastKnownFileType = sourcecode.swift; path = StubNetworkClient.swift; sourceTree = "<group>"; };
		84F76BC32C8A29A80022792C /* MovieQuizUITests.xctest */ = {isa = PBXFileReference; explicitFileType = wrapper.cfbundle; includeInIndex = 0; path = MovieQuizUITests.xctest; sourceTree = BUILT_PRODUCTS_DIR; };
		84F76BC52C8A29A80022792C /* MovieQuizUITests.swift */ = {isa = PBXFileReference; lastKnownFileType = sourcecode.swift; path = MovieQuizUITests.swift; sourceTree = "<group>"; };
		AD1ABAAE2831907B00B3E448 /* MovieQuiz.app */ = {isa = PBXFileReference; explicitFileType = wrapper.application; includeInIndex = 0; path = MovieQuiz.app; sourceTree = BUILT_PRODUCTS_DIR; };
		AD1ABAB12831907B00B3E448 /* AppDelegate.swift */ = {isa = PBXFileReference; lastKnownFileType = sourcecode.swift; path = AppDelegate.swift; sourceTree = "<group>"; };
		AD1ABAB32831907B00B3E448 /* SceneDelegate.swift */ = {isa = PBXFileReference; lastKnownFileType = sourcecode.swift; path = SceneDelegate.swift; sourceTree = "<group>"; };
		AD1ABAB52831907B00B3E448 /* MovieQuizViewController.swift */ = {isa = PBXFileReference; lastKnownFileType = sourcecode.swift; path = MovieQuizViewController.swift; sourceTree = "<group>"; };
		AD1ABAB82831907B00B3E448 /* Base */ = {isa = PBXFileReference; lastKnownFileType = file.storyboard; name = Base; path = Base.lproj/Main.storyboard; sourceTree = "<group>"; };
		AD1ABABA2831907F00B3E448 /* Assets.xcassets */ = {isa = PBXFileReference; lastKnownFileType = folder.assetcatalog; path = Assets.xcassets; sourceTree = "<group>"; };
		AD1ABABD2831907F00B3E448 /* Base */ = {isa = PBXFileReference; lastKnownFileType = file.storyboard; name = Base; path = Base.lproj/LaunchScreen.storyboard; sourceTree = "<group>"; };
		AD1ABABF2831907F00B3E448 /* Info.plist */ = {isa = PBXFileReference; lastKnownFileType = text.plist.xml; path = Info.plist; sourceTree = "<group>"; };
		AD5EE5DD284D7887003966EF /* UIColor+Extensions.swift */ = {isa = PBXFileReference; fileEncoding = 4; lastKnownFileType = sourcecode.swift; path = "UIColor+Extensions.swift"; sourceTree = "<group>"; };
		AD77F5732857F8810062FB14 /* Date+Extensions.swift */ = {isa = PBXFileReference; lastKnownFileType = sourcecode.swift; path = "Date+Extensions.swift"; sourceTree = "<group>"; };
		AD7AFA542836189F00399704 /* Array+Extensions.swift */ = {isa = PBXFileReference; lastKnownFileType = sourcecode.swift; path = "Array+Extensions.swift"; sourceTree = "<group>"; };
/* End PBXFileReference section */

/* Begin PBXFrameworksBuildPhase section */
		84B961562C8ADFAA0087B502 /* Frameworks */ = {
			isa = PBXFrameworksBuildPhase;
			buildActionMask = 2147483647;
			files = (
			);
			runOnlyForDeploymentPostprocessing = 0;
		};
		84C0C9E72C9AB59F003D8EBA /* Frameworks */ = {
			isa = PBXFrameworksBuildPhase;
			buildActionMask = 2147483647;
			files = (
			);
			runOnlyForDeploymentPostprocessing = 0;
		};
		84F76B962C8A0C650022792C /* Frameworks */ = {
			isa = PBXFrameworksBuildPhase;
			buildActionMask = 2147483647;
			files = (
			);
			runOnlyForDeploymentPostprocessing = 0;
		};
		84F76BA32C8A11CC0022792C /* Frameworks */ = {
			isa = PBXFrameworksBuildPhase;
			buildActionMask = 2147483647;
			files = (
			);
			runOnlyForDeploymentPostprocessing = 0;
		};
		84F76BC02C8A29A80022792C /* Frameworks */ = {
			isa = PBXFrameworksBuildPhase;
			buildActionMask = 2147483647;
			files = (
			);
			runOnlyForDeploymentPostprocessing = 0;
		};
		AD1ABAAB2831907B00B3E448 /* Frameworks */ = {
			isa = PBXFrameworksBuildPhase;
			buildActionMask = 2147483647;
			files = (
			);
			runOnlyForDeploymentPostprocessing = 0;
		};
/* End PBXFrameworksBuildPhase section */

/* Begin PBXGroup section */
		611342392B701CF6003FC2A4 /* Models */ = {
			isa = PBXGroup;
			children = (
				8423669C2C734A1000E879E3 /* QuizStepViewModel.swift */,
				8423669E2C734A2000E879E3 /* QuizResultsViewModel.swift */,
				842366A02C734A2E00E879E3 /* QuizQuestion.swift */,
				84CBAE832C749BE0003D7781 /* AlertModel.swift */,
				84CBAE892C74D1AD003D7781 /* GameResult.swift */,
				84A57B202C8741310044A5BB /* MostPopularMovies.swift */,
			);
			path = Models;
			sourceTree = "<group>";
		};
		6113423A2B701CF8003FC2A4 /* Services */ = {
			isa = PBXGroup;
			children = (
				842366A22C734B4500E879E3 /* QuestionFactory.swift */,
				842366A42C7376B700E879E3 /* QuestionFactoryProtocol .swift */,
				842366A62C7381C100E879E3 /* QuestionFactoryDelegate.swift */,
				84CBAE872C74CF26003D7781 /* StatisticServiceProtocol.swift */,
				84CBAE8B2C74D41C003D7781 /* StatisticService.swift */,
				84A57B1E2C873DD60044A5BB /* NetworkClient.swift */,
				84A57B222C8741620044A5BB /* MoviesLoader.swift */,
				84F76BB02C8A14B60022792C /* StubNetworkClient.swift */,
				846667C52C982A770073251F /* MovieQuizViewControllerProtocol.swift */,
			);
			path = Services;
			sourceTree = "<group>";
		};
		84B936152C771AD400D9BBAA /* Fonts */ = {
			isa = PBXGroup;
			children = (
				84835DBA2C64D202007DD34B /* YS Display-Bold.ttf */,
				84835DBB2C64D202007DD34B /* YS Display-Medium.ttf */,
			);
			path = Fonts;
			sourceTree = "<group>";
		};
		84B9615A2C8ADFAA0087B502 /* SimpleUITest */ = {
			isa = PBXGroup;
			children = (
				84B9615B2C8ADFAA0087B502 /* SimpleUITest.swift */,
				84B9615D2C8ADFAA0087B502 /* SimpleUITestLaunchTests.swift */,
			);
			path = SimpleUITest;
			sourceTree = "<group>";
		};
		84F76B9A2C8A0C650022792C /* ArrayTests */ = {
			isa = PBXGroup;
			children = (
				845BAEA92C8DB088006CFD0F /* MovieQuizTests.swift */,
				84F76B9B2C8A0C650022792C /* ArrayTests.swift */,
				84F76BA82C8A11CC0022792C /* MoviesLoaderTests.swift */,
				84C0C9EC2C9AB59F003D8EBA /* MovieQuizPresenterTests.swift */,
			);
			path = ArrayTests;
			sourceTree = "<group>";
		};
		84F76BC42C8A29A80022792C /* MovieQuizUITests */ = {
			isa = PBXGroup;
			children = (
				84F76BC52C8A29A80022792C /* MovieQuizUITests.swift */,
			);
			path = MovieQuizUITests;
			sourceTree = "<group>";
		};
		8F4738322848DE2A005DF65E /* Presentation */ = {
			isa = PBXGroup;
			children = (
				AD1ABAB52831907B00B3E448 /* MovieQuizViewController.swift */,
				AD1ABAB72831907B00B3E448 /* Main.storyboard */,
				84CBAE852C749C20003D7781 /* AlertPresenter.swift */,
				846211A62C92F28500F4D535 /* MovieQuizPresenter.swift */,
			);
			path = Presentation;
			sourceTree = "<group>";
		};
		8F4738332848DE46005DF65E /* Resources */ = {
			isa = PBXGroup;
			children = (
				84B936152C771AD400D9BBAA /* Fonts */,
				AD1ABABC2831907F00B3E448 /* LaunchScreen.storyboard */,
				AD1ABABA2831907F00B3E448 /* Assets.xcassets */,
				AD1ABABF2831907F00B3E448 /* Info.plist */,
			);
			path = Resources;
			sourceTree = "<group>";
		};
		AD1ABAA52831907B00B3E448 = {
			isa = PBXGroup;
			children = (
				AD1ABAB02831907B00B3E448 /* MovieQuiz */,
				84F76B9A2C8A0C650022792C /* ArrayTests */,
				84F76BC42C8A29A80022792C /* MovieQuizUITests */,
				84B9615A2C8ADFAA0087B502 /* SimpleUITest */,
				AD1ABAAF2831907B00B3E448 /* Products */,
			);
			sourceTree = "<group>";
		};
		AD1ABAAF2831907B00B3E448 /* Products */ = {
			isa = PBXGroup;
			children = (
				AD1ABAAE2831907B00B3E448 /* MovieQuiz.app */,
				84F76B992C8A0C650022792C /* ArrayTests.xctest */,
				84F76BA62C8A11CC0022792C /* MoviesLoaderTests.xctest */,
				84F76BC32C8A29A80022792C /* MovieQuizUITests.xctest */,
				84B961592C8ADFAA0087B502 /* SimpleUITest.xctest */,
				84C0C9EA2C9AB59F003D8EBA /* MovieQuizViewControllerProtocol.xctest */,
			);
			name = Products;
			sourceTree = "<group>";
		};
		AD1ABAB02831907B00B3E448 /* MovieQuiz */ = {
			isa = PBXGroup;
			children = (
				AD1ABAB12831907B00B3E448 /* AppDelegate.swift */,
				AD1ABAB32831907B00B3E448 /* SceneDelegate.swift */,
				ADF0CF75283FDAA10075F54D /* Helpers */,
				611342392B701CF6003FC2A4 /* Models */,
				8F4738322848DE2A005DF65E /* Presentation */,
				8F4738332848DE46005DF65E /* Resources */,
				6113423A2B701CF8003FC2A4 /* Services */,
			);
			path = MovieQuiz;
			sourceTree = "<group>";
		};
		ADF0CF75283FDAA10075F54D /* Helpers */ = {
			isa = PBXGroup;
			children = (
				AD5EE5DD284D7887003966EF /* UIColor+Extensions.swift */,
				AD7AFA542836189F00399704 /* Array+Extensions.swift */,
				AD77F5732857F8810062FB14 /* Date+Extensions.swift */,
			);
			path = Helpers;
			sourceTree = "<group>";
		};
/* End PBXGroup section */

/* Begin PBXNativeTarget section */
		84B961582C8ADFAA0087B502 /* SimpleUITest */ = {
			isa = PBXNativeTarget;
			buildConfigurationList = 84B961632C8ADFAA0087B502 /* Build configuration list for PBXNativeTarget "SimpleUITest" */;
			buildPhases = (
				84B961552C8ADFAA0087B502 /* Sources */,
				84B961562C8ADFAA0087B502 /* Frameworks */,
				84B961572C8ADFAA0087B502 /* Resources */,
			);
			buildRules = (
			);
			dependencies = (
				84B961602C8ADFAA0087B502 /* PBXTargetDependency */,
			);
			name = SimpleUITest;
			productName = SimpleUITest;
			productReference = 84B961592C8ADFAA0087B502 /* SimpleUITest.xctest */;
			productType = "com.apple.product-type.bundle.ui-testing";
		};
		84C0C9E92C9AB59F003D8EBA /* MovieQuizViewControllerProtocol */ = {
			isa = PBXNativeTarget;
			buildConfigurationList = 84C0C9F22C9AB59F003D8EBA /* Build configuration list for PBXNativeTarget "MovieQuizViewControllerProtocol" */;
			buildPhases = (
				84C0C9E62C9AB59F003D8EBA /* Sources */,
				84C0C9E72C9AB59F003D8EBA /* Frameworks */,
				84C0C9E82C9AB59F003D8EBA /* Resources */,
			);
			buildRules = (
			);
			dependencies = (
				84C0C9EF2C9AB59F003D8EBA /* PBXTargetDependency */,
			);
			name = MovieQuizViewControllerProtocol;
			productName = MovieQuizViewControllerProtocol;
			productReference = 84C0C9EA2C9AB59F003D8EBA /* MovieQuizViewControllerProtocol.xctest */;
			productType = "com.apple.product-type.bundle.unit-test";
		};
		84F76B982C8A0C650022792C /* ArrayTests */ = {
			isa = PBXNativeTarget;
			buildConfigurationList = 84F76B9F2C8A0C650022792C /* Build configuration list for PBXNativeTarget "ArrayTests" */;
			buildPhases = (
				84F76B952C8A0C650022792C /* Sources */,
				84F76B962C8A0C650022792C /* Frameworks */,
				84F76B972C8A0C650022792C /* Resources */,
			);
			buildRules = (
			);
			dependencies = (
				84F76B9E2C8A0C650022792C /* PBXTargetDependency */,
			);
			name = ArrayTests;
			productName = ArrayTests;
			productReference = 84F76B992C8A0C650022792C /* ArrayTests.xctest */;
			productType = "com.apple.product-type.bundle.unit-test";
		};
		84F76BA52C8A11CC0022792C /* MoviesLoaderTests */ = {
			isa = PBXNativeTarget;
			buildConfigurationList = 84F76BAC2C8A11CC0022792C /* Build configuration list for PBXNativeTarget "MoviesLoaderTests" */;
			buildPhases = (
				84F76BA22C8A11CC0022792C /* Sources */,
				84F76BA32C8A11CC0022792C /* Frameworks */,
				84F76BA42C8A11CC0022792C /* Resources */,
			);
			buildRules = (
			);
			dependencies = (
				84F76BAB2C8A11CC0022792C /* PBXTargetDependency */,
			);
			name = MoviesLoaderTests;
			productName = MoviesLoaderTests;
			productReference = 84F76BA62C8A11CC0022792C /* MoviesLoaderTests.xctest */;
			productType = "com.apple.product-type.bundle.unit-test";
		};
		84F76BC22C8A29A80022792C /* MovieQuizUITests */ = {
			isa = PBXNativeTarget;
			buildConfigurationList = 84F76BCB2C8A29A80022792C /* Build configuration list for PBXNativeTarget "MovieQuizUITests" */;
			buildPhases = (
				84F76BBF2C8A29A80022792C /* Sources */,
				84F76BC02C8A29A80022792C /* Frameworks */,
				84F76BC12C8A29A80022792C /* Resources */,
			);
			buildRules = (
			);
			dependencies = (
				84F76BCA2C8A29A80022792C /* PBXTargetDependency */,
			);
			name = MovieQuizUITests;
			productName = MovieQuizUITests;
			productReference = 84F76BC32C8A29A80022792C /* MovieQuizUITests.xctest */;
			productType = "com.apple.product-type.bundle.ui-testing";
		};
		AD1ABAAD2831907B00B3E448 /* MovieQuiz */ = {
			isa = PBXNativeTarget;
			buildConfigurationList = AD1ABAC22831907F00B3E448 /* Build configuration list for PBXNativeTarget "MovieQuiz" */;
			buildPhases = (
				AD1ABAAA2831907B00B3E448 /* Sources */,
				AD1ABAAB2831907B00B3E448 /* Frameworks */,
				AD1ABAAC2831907B00B3E448 /* Resources */,
			);
			buildRules = (
			);
			dependencies = (
			);
			name = MovieQuiz;
			productName = MovieQuiz;
			productReference = AD1ABAAE2831907B00B3E448 /* MovieQuiz.app */;
			productType = "com.apple.product-type.application";
		};
/* End PBXNativeTarget section */

/* Begin PBXProject section */
		AD1ABAA62831907B00B3E448 /* Project object */ = {
			isa = PBXProject;
			attributes = {
				BuildIndependentTargetsInParallel = 1;
				LastSwiftUpdateCheck = 1530;
				LastUpgradeCheck = 1520;
				ORGANIZATIONNAME = "";
				TargetAttributes = {
					84B961582C8ADFAA0087B502 = {
						CreatedOnToolsVersion = 15.3;
						TestTargetID = AD1ABAAD2831907B00B3E448;
					};
					84C0C9E92C9AB59F003D8EBA = {
						CreatedOnToolsVersion = 15.3;
						TestTargetID = AD1ABAAD2831907B00B3E448;
					};
					84F76B982C8A0C650022792C = {
						CreatedOnToolsVersion = 15.3;
						TestTargetID = AD1ABAAD2831907B00B3E448;
					};
					84F76BA52C8A11CC0022792C = {
						CreatedOnToolsVersion = 15.3;
						TestTargetID = AD1ABAAD2831907B00B3E448;
					};
					84F76BC22C8A29A80022792C = {
						CreatedOnToolsVersion = 15.3;
						TestTargetID = AD1ABAAD2831907B00B3E448;
					};
					AD1ABAAD2831907B00B3E448 = {
						CreatedOnToolsVersion = 13.3.1;
					};
				};
			};
			buildConfigurationList = AD1ABAA92831907B00B3E448 /* Build configuration list for PBXProject "MovieQuiz" */;
			compatibilityVersion = "Xcode 13.0";
			developmentRegion = en;
			hasScannedForEncodings = 0;
			knownRegions = (
				en,
				Base,
			);
			mainGroup = AD1ABAA52831907B00B3E448;
			productRefGroup = AD1ABAAF2831907B00B3E448 /* Products */;
			projectDirPath = "";
			projectRoot = "";
			targets = (
				AD1ABAAD2831907B00B3E448 /* MovieQuiz */,
				84F76B982C8A0C650022792C /* ArrayTests */,
				84F76BA52C8A11CC0022792C /* MoviesLoaderTests */,
				84F76BC22C8A29A80022792C /* MovieQuizUITests */,
				84B961582C8ADFAA0087B502 /* SimpleUITest */,
				84C0C9E92C9AB59F003D8EBA /* MovieQuizViewControllerProtocol */,
			);
		};
/* End PBXProject section */

/* Begin PBXResourcesBuildPhase section */
		84B961572C8ADFAA0087B502 /* Resources */ = {
			isa = PBXResourcesBuildPhase;
			buildActionMask = 2147483647;
			files = (
			);
			runOnlyForDeploymentPostprocessing = 0;
		};
		84C0C9E82C9AB59F003D8EBA /* Resources */ = {
			isa = PBXResourcesBuildPhase;
			buildActionMask = 2147483647;
			files = (
			);
			runOnlyForDeploymentPostprocessing = 0;
		};
		84F76B972C8A0C650022792C /* Resources */ = {
			isa = PBXResourcesBuildPhase;
			buildActionMask = 2147483647;
			files = (
			);
			runOnlyForDeploymentPostprocessing = 0;
		};
		84F76BA42C8A11CC0022792C /* Resources */ = {
			isa = PBXResourcesBuildPhase;
			buildActionMask = 2147483647;
			files = (
			);
			runOnlyForDeploymentPostprocessing = 0;
		};
		84F76BC12C8A29A80022792C /* Resources */ = {
			isa = PBXResourcesBuildPhase;
			buildActionMask = 2147483647;
			files = (
			);
			runOnlyForDeploymentPostprocessing = 0;
		};
		AD1ABAAC2831907B00B3E448 /* Resources */ = {
			isa = PBXResourcesBuildPhase;
			buildActionMask = 2147483647;
			files = (
				AD1ABABE2831907F00B3E448 /* LaunchScreen.storyboard in Resources */,
				AD1ABABB2831907F00B3E448 /* Assets.xcassets in Resources */,
				AD1ABAB92831907B00B3E448 /* Main.storyboard in Resources */,
				84835DBC2C64D202007DD34B /* YS Display-Bold.ttf in Resources */,
				84835DBD2C64D202007DD34B /* YS Display-Medium.ttf in Resources */,
			);
			runOnlyForDeploymentPostprocessing = 0;
		};
/* End PBXResourcesBuildPhase section */

/* Begin PBXSourcesBuildPhase section */
		84B961552C8ADFAA0087B502 /* Sources */ = {
			isa = PBXSourcesBuildPhase;
			buildActionMask = 2147483647;
			files = (
				84B9615E2C8ADFAA0087B502 /* SimpleUITestLaunchTests.swift in Sources */,
				84F16F3C2C8DA4B200C58D86 /* SimpleUITest.swift in Sources */,
			);
			runOnlyForDeploymentPostprocessing = 0;
		};
		84C0C9E62C9AB59F003D8EBA /* Sources */ = {
			isa = PBXSourcesBuildPhase;
			buildActionMask = 2147483647;
			files = (
			);
			runOnlyForDeploymentPostprocessing = 0;
		};
		84F76B952C8A0C650022792C /* Sources */ = {
			isa = PBXSourcesBuildPhase;
			buildActionMask = 2147483647;
			files = (
				84F76B9C2C8A0C650022792C /* ArrayTests.swift in Sources */,
				845BAE9E2C8DABBD006CFD0F /* SimpleUITest.swift in Sources */,
				84F76BAF2C8A12690022792C /* MoviesLoaderTests.swift in Sources */,
				84C0C9F62C9AB6F6003D8EBA /* MovieQuizPresenterTests.swift in Sources */,
				845BAEAA2C8DB088006CFD0F /* MovieQuizTests.swift in Sources */,
			);
			runOnlyForDeploymentPostprocessing = 0;
		};
		84F76BA22C8A11CC0022792C /* Sources */ = {
			isa = PBXSourcesBuildPhase;
			buildActionMask = 2147483647;
			files = (
				845BAEAB2C8DB092006CFD0F /* MoviesLoaderTests.swift in Sources */,
			);
			runOnlyForDeploymentPostprocessing = 0;
		};
		84F76BBF2C8A29A80022792C /* Sources */ = {
			isa = PBXSourcesBuildPhase;
			buildActionMask = 2147483647;
			files = (
				84F76BC62C8A29A80022792C /* MovieQuizUITests.swift in Sources */,
			);
			runOnlyForDeploymentPostprocessing = 0;
		};
		AD1ABAAA2831907B00B3E448 /* Sources */ = {
			isa = PBXSourcesBuildPhase;
			buildActionMask = 2147483647;
			files = (
				846211A72C92F28500F4D535 /* MovieQuizPresenter.swift in Sources */,
				842366A12C734A2E00E879E3 /* QuizQuestion.swift in Sources */,
				84A57B212C8741310044A5BB /* MostPopularMovies.swift in Sources */,
				84CBAE862C749C20003D7781 /* AlertPresenter.swift in Sources */,
				84DCD9AB2C8E2737007A9F1F /* StubNetworkClient.swift in Sources */,
				84CBAE842C749BE0003D7781 /* AlertModel.swift in Sources */,
				AD5EE5DE284D7887003966EF /* UIColor+Extensions.swift in Sources */,
				84CBAE8A2C74D1AD003D7781 /* GameResult.swift in Sources */,
				846667C62C982A770073251F /* MovieQuizViewControllerProtocol.swift in Sources */,
				84A57B1F2C873DD60044A5BB /* NetworkClient.swift in Sources */,
				84A57B232C8741620044A5BB /* MoviesLoader.swift in Sources */,
				AD7AFA552836189F00399704 /* Array+Extensions.swift in Sources */,
				842366A72C7381C100E879E3 /* QuestionFactoryDelegate.swift in Sources */,
				AD1ABAB62831907B00B3E448 /* MovieQuizViewController.swift in Sources */,
				842366A52C7376B700E879E3 /* QuestionFactoryProtocol .swift in Sources */,
				AD77F5742857F8810062FB14 /* Date+Extensions.swift in Sources */,
				84CBAE882C74CF26003D7781 /* StatisticServiceProtocol.swift in Sources */,
				8423669F2C734A2000E879E3 /* QuizResultsViewModel.swift in Sources */,
				AD1ABAB22831907B00B3E448 /* AppDelegate.swift in Sources */,
				AD1ABAB42831907B00B3E448 /* SceneDelegate.swift in Sources */,
				842366A32C734B4500E879E3 /* QuestionFactory.swift in Sources */,
				8423669D2C734A1000E879E3 /* QuizStepViewModel.swift in Sources */,
				84CBAE8C2C74D41C003D7781 /* StatisticService.swift in Sources */,
			);
			runOnlyForDeploymentPostprocessing = 0;
		};
/* End PBXSourcesBuildPhase section */

/* Begin PBXTargetDependency section */
		84B961602C8ADFAA0087B502 /* PBXTargetDependency */ = {
			isa = PBXTargetDependency;
			target = AD1ABAAD2831907B00B3E448 /* MovieQuiz */;
			targetProxy = 84B9615F2C8ADFAA0087B502 /* PBXContainerItemProxy */;
		};
		84C0C9EF2C9AB59F003D8EBA /* PBXTargetDependency */ = {
			isa = PBXTargetDependency;
			target = AD1ABAAD2831907B00B3E448 /* MovieQuiz */;
			targetProxy = 84C0C9EE2C9AB59F003D8EBA /* PBXContainerItemProxy */;
		};
		84F76B9E2C8A0C650022792C /* PBXTargetDependency */ = {
			isa = PBXTargetDependency;
			target = AD1ABAAD2831907B00B3E448 /* MovieQuiz */;
			targetProxy = 84F76B9D2C8A0C650022792C /* PBXContainerItemProxy */;
		};
		84F76BAB2C8A11CC0022792C /* PBXTargetDependency */ = {
			isa = PBXTargetDependency;
			target = AD1ABAAD2831907B00B3E448 /* MovieQuiz */;
			targetProxy = 84F76BAA2C8A11CC0022792C /* PBXContainerItemProxy */;
		};
		84F76BCA2C8A29A80022792C /* PBXTargetDependency */ = {
			isa = PBXTargetDependency;
			target = AD1ABAAD2831907B00B3E448 /* MovieQuiz */;
			targetProxy = 84F76BC92C8A29A80022792C /* PBXContainerItemProxy */;
		};
/* End PBXTargetDependency section */

/* Begin PBXVariantGroup section */
		AD1ABAB72831907B00B3E448 /* Main.storyboard */ = {
			isa = PBXVariantGroup;
			children = (
				AD1ABAB82831907B00B3E448 /* Base */,
			);
			name = Main.storyboard;
			sourceTree = "<group>";
		};
		AD1ABABC2831907F00B3E448 /* LaunchScreen.storyboard */ = {
			isa = PBXVariantGroup;
			children = (
				AD1ABABD2831907F00B3E448 /* Base */,
			);
			name = LaunchScreen.storyboard;
			sourceTree = "<group>";
		};
/* End PBXVariantGroup section */

/* Begin XCBuildConfiguration section */
		84B961612C8ADFAA0087B502 /* Debug */ = {
			isa = XCBuildConfiguration;
			buildSettings = {
				CLANG_CXX_LANGUAGE_STANDARD = "gnu++20";
				CODE_SIGN_STYLE = Automatic;
				CURRENT_PROJECT_VERSION = 1;
				DEVELOPMENT_TEAM = NUX53VR35X;
				GCC_C_LANGUAGE_STANDARD = gnu17;
				GENERATE_INFOPLIST_FILE = YES;
				IPHONEOS_DEPLOYMENT_TARGET = 17.4;
				LOCALIZATION_PREFERS_STRING_CATALOGS = YES;
				MARKETING_VERSION = 1.0;
				PRODUCT_BUNDLE_IDENTIFIER = ru.yandex.practicum.SimpleUITest;
				PRODUCT_NAME = "$(TARGET_NAME)";
				SWIFT_ACTIVE_COMPILATION_CONDITIONS = "DEBUG $(inherited)";
				SWIFT_EMIT_LOC_STRINGS = NO;
				SWIFT_VERSION = 5.0;
				TARGETED_DEVICE_FAMILY = "1,2";
				TEST_TARGET_NAME = MovieQuiz;
			};
			name = Debug;
		};
		84B961622C8ADFAA0087B502 /* Release */ = {
			isa = XCBuildConfiguration;
			buildSettings = {
				CLANG_CXX_LANGUAGE_STANDARD = "gnu++20";
				CODE_SIGN_STYLE = Automatic;
				CURRENT_PROJECT_VERSION = 1;
				DEVELOPMENT_TEAM = NUX53VR35X;
				GCC_C_LANGUAGE_STANDARD = gnu17;
				GENERATE_INFOPLIST_FILE = YES;
				IPHONEOS_DEPLOYMENT_TARGET = 17.4;
				LOCALIZATION_PREFERS_STRING_CATALOGS = YES;
				MARKETING_VERSION = 1.0;
				PRODUCT_BUNDLE_IDENTIFIER = ru.yandex.practicum.SimpleUITest;
				PRODUCT_NAME = "$(TARGET_NAME)";
				SWIFT_EMIT_LOC_STRINGS = NO;
				SWIFT_VERSION = 5.0;
				TARGETED_DEVICE_FAMILY = "1,2";
				TEST_TARGET_NAME = MovieQuiz;
			};
			name = Release;
		};
		84C0C9F02C9AB59F003D8EBA /* Debug */ = {
			isa = XCBuildConfiguration;
			buildSettings = {
				BUNDLE_LOADER = "$(TEST_HOST)";
				CLANG_CXX_LANGUAGE_STANDARD = "gnu++20";
				CODE_SIGN_STYLE = Automatic;
				CURRENT_PROJECT_VERSION = 1;
				DEVELOPMENT_TEAM = NUX53VR35X;
				GCC_C_LANGUAGE_STANDARD = gnu17;
				GENERATE_INFOPLIST_FILE = YES;
				IPHONEOS_DEPLOYMENT_TARGET = 17.4;
				LOCALIZATION_PREFERS_STRING_CATALOGS = YES;
				MARKETING_VERSION = 1.0;
				PRODUCT_BUNDLE_IDENTIFIER = none.MovieQuizViewControllerProtocol;
				PRODUCT_NAME = "$(TARGET_NAME)";
				SWIFT_ACTIVE_COMPILATION_CONDITIONS = "DEBUG $(inherited)";
				SWIFT_EMIT_LOC_STRINGS = NO;
				SWIFT_VERSION = 5.0;
				TARGETED_DEVICE_FAMILY = "1,2";
				TEST_HOST = "$(BUILT_PRODUCTS_DIR)/MovieQuiz.app/$(BUNDLE_EXECUTABLE_FOLDER_PATH)/MovieQuiz";
			};
			name = Debug;
		};
		84C0C9F12C9AB59F003D8EBA /* Release */ = {
			isa = XCBuildConfiguration;
			buildSettings = {
				BUNDLE_LOADER = "$(TEST_HOST)";
				CLANG_CXX_LANGUAGE_STANDARD = "gnu++20";
				CODE_SIGN_STYLE = Automatic;
				CURRENT_PROJECT_VERSION = 1;
				DEVELOPMENT_TEAM = NUX53VR35X;
				GCC_C_LANGUAGE_STANDARD = gnu17;
				GENERATE_INFOPLIST_FILE = YES;
				IPHONEOS_DEPLOYMENT_TARGET = 17.4;
				LOCALIZATION_PREFERS_STRING_CATALOGS = YES;
				MARKETING_VERSION = 1.0;
				PRODUCT_BUNDLE_IDENTIFIER = none.MovieQuizViewControllerProtocol;
				PRODUCT_NAME = "$(TARGET_NAME)";
				SWIFT_EMIT_LOC_STRINGS = NO;
				SWIFT_VERSION = 5.0;
				TARGETED_DEVICE_FAMILY = "1,2";
				TEST_HOST = "$(BUILT_PRODUCTS_DIR)/MovieQuiz.app/$(BUNDLE_EXECUTABLE_FOLDER_PATH)/MovieQuiz";
			};
			name = Release;
		};
		84F76BA02C8A0C650022792C /* Debug */ = {
			isa = XCBuildConfiguration;
			buildSettings = {
				BUNDLE_LOADER = "$(TEST_HOST)";
				CLANG_CXX_LANGUAGE_STANDARD = "gnu++20";
				CODE_SIGN_STYLE = Automatic;
				CURRENT_PROJECT_VERSION = 1;
				DEVELOPMENT_TEAM = NUX53VR35X;
				GCC_C_LANGUAGE_STANDARD = gnu17;
				GENERATE_INFOPLIST_FILE = YES;
				IPHONEOS_DEPLOYMENT_TARGET = 17.4;
				LOCALIZATION_PREFERS_STRING_CATALOGS = YES;
				MARKETING_VERSION = 1.0;
				PRODUCT_BUNDLE_IDENTIFIER = ru.yandex.practicum.ArrayTests2323;
				PRODUCT_NAME = "$(TARGET_NAME)";
				SWIFT_ACTIVE_COMPILATION_CONDITIONS = "DEBUG $(inherited)";
				SWIFT_EMIT_LOC_STRINGS = NO;
				SWIFT_VERSION = 5.0;
				TARGETED_DEVICE_FAMILY = "1,2";
				TEST_HOST = "$(BUILT_PRODUCTS_DIR)/MovieQuiz.app/$(BUNDLE_EXECUTABLE_FOLDER_PATH)/MovieQuiz";
			};
			name = Debug;
		};
		84F76BA12C8A0C650022792C /* Release */ = {
			isa = XCBuildConfiguration;
			buildSettings = {
				BUNDLE_LOADER = "$(TEST_HOST)";
				CLANG_CXX_LANGUAGE_STANDARD = "gnu++20";
				CODE_SIGN_STYLE = Automatic;
				CURRENT_PROJECT_VERSION = 1;
				DEVELOPMENT_TEAM = NUX53VR35X;
				GCC_C_LANGUAGE_STANDARD = gnu17;
				GENERATE_INFOPLIST_FILE = YES;
				IPHONEOS_DEPLOYMENT_TARGET = 17.4;
				LOCALIZATION_PREFERS_STRING_CATALOGS = YES;
				MARKETING_VERSION = 1.0;
				PRODUCT_BUNDLE_IDENTIFIER = ru.yandex.practicum.ArrayTests2323;
				PRODUCT_NAME = "$(TARGET_NAME)";
				SWIFT_EMIT_LOC_STRINGS = NO;
				SWIFT_VERSION = 5.0;
				TARGETED_DEVICE_FAMILY = "1,2";
				TEST_HOST = "$(BUILT_PRODUCTS_DIR)/MovieQuiz.app/$(BUNDLE_EXECUTABLE_FOLDER_PATH)/MovieQuiz";
			};
			name = Release;
		};
		84F76BAD2C8A11CC0022792C /* Debug */ = {
			isa = XCBuildConfiguration;
			buildSettings = {
				BUNDLE_LOADER = "$(TEST_HOST)";
				CLANG_CXX_LANGUAGE_STANDARD = "gnu++20";
				CODE_SIGN_STYLE = Automatic;
				CURRENT_PROJECT_VERSION = 1;
				DEVELOPMENT_TEAM = NUX53VR35X;
				GCC_C_LANGUAGE_STANDARD = gnu17;
				GENERATE_INFOPLIST_FILE = YES;
				IPHONEOS_DEPLOYMENT_TARGET = 17.4;
				LOCALIZATION_PREFERS_STRING_CATALOGS = YES;
				MARKETING_VERSION = 1.0;
				PRODUCT_BUNDLE_IDENTIFIER = ru.yandex.practicum.MoviesLoaderTests;
				PRODUCT_NAME = "$(TARGET_NAME)";
				SWIFT_ACTIVE_COMPILATION_CONDITIONS = "DEBUG $(inherited)";
				SWIFT_EMIT_LOC_STRINGS = NO;
				SWIFT_VERSION = 5.0;
				TARGETED_DEVICE_FAMILY = "1,2";
				TEST_HOST = "$(BUILT_PRODUCTS_DIR)/MovieQuiz.app/$(BUNDLE_EXECUTABLE_FOLDER_PATH)/MovieQuiz";
			};
			name = Debug;
		};
		84F76BAE2C8A11CC0022792C /* Release */ = {
			isa = XCBuildConfiguration;
			buildSettings = {
				BUNDLE_LOADER = "$(TEST_HOST)";
				CLANG_CXX_LANGUAGE_STANDARD = "gnu++20";
				CODE_SIGN_STYLE = Automatic;
				CURRENT_PROJECT_VERSION = 1;
				DEVELOPMENT_TEAM = NUX53VR35X;
				GCC_C_LANGUAGE_STANDARD = gnu17;
				GENERATE_INFOPLIST_FILE = YES;
				IPHONEOS_DEPLOYMENT_TARGET = 17.4;
				LOCALIZATION_PREFERS_STRING_CATALOGS = YES;
				MARKETING_VERSION = 1.0;
				PRODUCT_BUNDLE_IDENTIFIER = ru.yandex.practicum.MoviesLoaderTests;
				PRODUCT_NAME = "$(TARGET_NAME)";
				SWIFT_EMIT_LOC_STRINGS = NO;
				SWIFT_VERSION = 5.0;
				TARGETED_DEVICE_FAMILY = "1,2";
				TEST_HOST = "$(BUILT_PRODUCTS_DIR)/MovieQuiz.app/$(BUNDLE_EXECUTABLE_FOLDER_PATH)/MovieQuiz";
			};
			name = Release;
		};
		84F76BCC2C8A29A80022792C /* Debug */ = {
			isa = XCBuildConfiguration;
			buildSettings = {
				CLANG_CXX_LANGUAGE_STANDARD = "gnu++20";
				CODE_SIGN_STYLE = Automatic;
				CURRENT_PROJECT_VERSION = 1;
				DEVELOPMENT_TEAM = NUX53VR35X;
				GCC_C_LANGUAGE_STANDARD = gnu17;
				GENERATE_INFOPLIST_FILE = YES;
				IPHONEOS_DEPLOYMENT_TARGET = 17.4;
				LOCALIZATION_PREFERS_STRING_CATALOGS = YES;
				MARKETING_VERSION = 1.0;
				PRODUCT_BUNDLE_IDENTIFIER = ru.yandex.practicum.MovieQuizUITests;
				PRODUCT_NAME = "$(TARGET_NAME)";
				SWIFT_ACTIVE_COMPILATION_CONDITIONS = "DEBUG $(inherited)";
				SWIFT_EMIT_LOC_STRINGS = NO;
				SWIFT_VERSION = 5.0;
				TARGETED_DEVICE_FAMILY = "1,2";
				TEST_TARGET_NAME = MovieQuiz;
			};
			name = Debug;
		};
		84F76BCD2C8A29A80022792C /* Release */ = {
			isa = XCBuildConfiguration;
			buildSettings = {
				CLANG_CXX_LANGUAGE_STANDARD = "gnu++20";
				CODE_SIGN_STYLE = Automatic;
				CURRENT_PROJECT_VERSION = 1;
				DEVELOPMENT_TEAM = NUX53VR35X;
				GCC_C_LANGUAGE_STANDARD = gnu17;
				GENERATE_INFOPLIST_FILE = YES;
				IPHONEOS_DEPLOYMENT_TARGET = 17.4;
				LOCALIZATION_PREFERS_STRING_CATALOGS = YES;
				MARKETING_VERSION = 1.0;
				PRODUCT_BUNDLE_IDENTIFIER = ru.yandex.practicum.MovieQuizUITests;
				PRODUCT_NAME = "$(TARGET_NAME)";
				SWIFT_EMIT_LOC_STRINGS = NO;
				SWIFT_VERSION = 5.0;
				TARGETED_DEVICE_FAMILY = "1,2";
				TEST_TARGET_NAME = MovieQuiz;
			};
			name = Release;
		};
		AD1ABAC02831907F00B3E448 /* Debug */ = {
			isa = XCBuildConfiguration;
			buildSettings = {
				ALWAYS_SEARCH_USER_PATHS = NO;
				ASSETCATALOG_COMPILER_GENERATE_SWIFT_ASSET_SYMBOL_EXTENSIONS = YES;
				CLANG_ANALYZER_NONNULL = YES;
				CLANG_ANALYZER_NUMBER_OBJECT_CONVERSION = YES_AGGRESSIVE;
				CLANG_CXX_LANGUAGE_STANDARD = "gnu++17";
				CLANG_ENABLE_MODULES = YES;
				CLANG_ENABLE_OBJC_ARC = YES;
				CLANG_ENABLE_OBJC_WEAK = YES;
				CLANG_WARN_BLOCK_CAPTURE_AUTORELEASING = YES;
				CLANG_WARN_BOOL_CONVERSION = YES;
				CLANG_WARN_COMMA = YES;
				CLANG_WARN_CONSTANT_CONVERSION = YES;
				CLANG_WARN_DEPRECATED_OBJC_IMPLEMENTATIONS = YES;
				CLANG_WARN_DIRECT_OBJC_ISA_USAGE = YES_ERROR;
				CLANG_WARN_DOCUMENTATION_COMMENTS = YES;
				CLANG_WARN_EMPTY_BODY = YES;
				CLANG_WARN_ENUM_CONVERSION = YES;
				CLANG_WARN_INFINITE_RECURSION = YES;
				CLANG_WARN_INT_CONVERSION = YES;
				CLANG_WARN_NON_LITERAL_NULL_CONVERSION = YES;
				CLANG_WARN_OBJC_IMPLICIT_RETAIN_SELF = YES;
				CLANG_WARN_OBJC_LITERAL_CONVERSION = YES;
				CLANG_WARN_OBJC_ROOT_CLASS = YES_ERROR;
				CLANG_WARN_QUOTED_INCLUDE_IN_FRAMEWORK_HEADER = YES;
				CLANG_WARN_RANGE_LOOP_ANALYSIS = YES;
				CLANG_WARN_STRICT_PROTOTYPES = YES;
				CLANG_WARN_SUSPICIOUS_MOVE = YES;
				CLANG_WARN_UNGUARDED_AVAILABILITY = YES_AGGRESSIVE;
				CLANG_WARN_UNREACHABLE_CODE = YES;
				CLANG_WARN__DUPLICATE_METHOD_MATCH = YES;
				COPY_PHASE_STRIP = NO;
				DEBUG_INFORMATION_FORMAT = dwarf;
				ENABLE_STRICT_OBJC_MSGSEND = YES;
				ENABLE_TESTABILITY = YES;
				ENABLE_USER_SCRIPT_SANDBOXING = YES;
				GCC_C_LANGUAGE_STANDARD = gnu11;
				GCC_DYNAMIC_NO_PIC = NO;
				GCC_NO_COMMON_BLOCKS = YES;
				GCC_OPTIMIZATION_LEVEL = 0;
				GCC_PREPROCESSOR_DEFINITIONS = (
					"DEBUG=1",
					"$(inherited)",
				);
				GCC_WARN_64_TO_32_BIT_CONVERSION = YES;
				GCC_WARN_ABOUT_RETURN_TYPE = YES_ERROR;
				GCC_WARN_UNDECLARED_SELECTOR = YES;
				GCC_WARN_UNINITIALIZED_AUTOS = YES_AGGRESSIVE;
				GCC_WARN_UNUSED_FUNCTION = YES;
				GCC_WARN_UNUSED_VARIABLE = YES;
				IPHONEOS_DEPLOYMENT_TARGET = 15.0;
				MTL_ENABLE_DEBUG_INFO = INCLUDE_SOURCE;
				MTL_FAST_MATH = YES;
				ONLY_ACTIVE_ARCH = YES;
				SDKROOT = iphoneos;
				SWIFT_ACTIVE_COMPILATION_CONDITIONS = DEBUG;
				SWIFT_OPTIMIZATION_LEVEL = "-Onone";
			};
			name = Debug;
		};
		AD1ABAC12831907F00B3E448 /* Release */ = {
			isa = XCBuildConfiguration;
			buildSettings = {
				ALWAYS_SEARCH_USER_PATHS = NO;
				ASSETCATALOG_COMPILER_GENERATE_SWIFT_ASSET_SYMBOL_EXTENSIONS = YES;
				CLANG_ANALYZER_NONNULL = YES;
				CLANG_ANALYZER_NUMBER_OBJECT_CONVERSION = YES_AGGRESSIVE;
				CLANG_CXX_LANGUAGE_STANDARD = "gnu++17";
				CLANG_ENABLE_MODULES = YES;
				CLANG_ENABLE_OBJC_ARC = YES;
				CLANG_ENABLE_OBJC_WEAK = YES;
				CLANG_WARN_BLOCK_CAPTURE_AUTORELEASING = YES;
				CLANG_WARN_BOOL_CONVERSION = YES;
				CLANG_WARN_COMMA = YES;
				CLANG_WARN_CONSTANT_CONVERSION = YES;
				CLANG_WARN_DEPRECATED_OBJC_IMPLEMENTATIONS = YES;
				CLANG_WARN_DIRECT_OBJC_ISA_USAGE = YES_ERROR;
				CLANG_WARN_DOCUMENTATION_COMMENTS = YES;
				CLANG_WARN_EMPTY_BODY = YES;
				CLANG_WARN_ENUM_CONVERSION = YES;
				CLANG_WARN_INFINITE_RECURSION = YES;
				CLANG_WARN_INT_CONVERSION = YES;
				CLANG_WARN_NON_LITERAL_NULL_CONVERSION = YES;
				CLANG_WARN_OBJC_IMPLICIT_RETAIN_SELF = YES;
				CLANG_WARN_OBJC_LITERAL_CONVERSION = YES;
				CLANG_WARN_OBJC_ROOT_CLASS = YES_ERROR;
				CLANG_WARN_QUOTED_INCLUDE_IN_FRAMEWORK_HEADER = YES;
				CLANG_WARN_RANGE_LOOP_ANALYSIS = YES;
				CLANG_WARN_STRICT_PROTOTYPES = YES;
				CLANG_WARN_SUSPICIOUS_MOVE = YES;
				CLANG_WARN_UNGUARDED_AVAILABILITY = YES_AGGRESSIVE;
				CLANG_WARN_UNREACHABLE_CODE = YES;
				CLANG_WARN__DUPLICATE_METHOD_MATCH = YES;
				COPY_PHASE_STRIP = NO;
				DEBUG_INFORMATION_FORMAT = "dwarf-with-dsym";
				ENABLE_NS_ASSERTIONS = NO;
				ENABLE_STRICT_OBJC_MSGSEND = YES;
				ENABLE_USER_SCRIPT_SANDBOXING = YES;
				GCC_C_LANGUAGE_STANDARD = gnu11;
				GCC_NO_COMMON_BLOCKS = YES;
				GCC_WARN_64_TO_32_BIT_CONVERSION = YES;
				GCC_WARN_ABOUT_RETURN_TYPE = YES_ERROR;
				GCC_WARN_UNDECLARED_SELECTOR = YES;
				GCC_WARN_UNINITIALIZED_AUTOS = YES_AGGRESSIVE;
				GCC_WARN_UNUSED_FUNCTION = YES;
				GCC_WARN_UNUSED_VARIABLE = YES;
				IPHONEOS_DEPLOYMENT_TARGET = 15.0;
				MTL_ENABLE_DEBUG_INFO = NO;
				MTL_FAST_MATH = YES;
				SDKROOT = iphoneos;
				SWIFT_COMPILATION_MODE = wholemodule;
				SWIFT_OPTIMIZATION_LEVEL = "-O";
				VALIDATE_PRODUCT = YES;
			};
			name = Release;
		};
		AD1ABAC32831907F00B3E448 /* Debug */ = {
			isa = XCBuildConfiguration;
			buildSettings = {
				ASSETCATALOG_COMPILER_APPICON_NAME = AppIcon;
				CODE_SIGN_STYLE = Automatic;
				CURRENT_PROJECT_VERSION = 1;
				DEVELOPMENT_TEAM = NUX53VR35X;
				GENERATE_INFOPLIST_FILE = YES;
				INFOPLIST_FILE = MovieQuiz/Resources/Info.plist;
				INFOPLIST_KEY_UIApplicationSupportsIndirectInputEvents = YES;
				INFOPLIST_KEY_UILaunchStoryboardName = LaunchScreen;
				INFOPLIST_KEY_UIMainStoryboardFile = Main;
				INFOPLIST_KEY_UIStatusBarHidden = YES;
				INFOPLIST_KEY_UISupportedInterfaceOrientations = UIInterfaceOrientationPortrait;
				INFOPLIST_KEY_UISupportedInterfaceOrientations_iPad = "UIInterfaceOrientationPortrait UIInterfaceOrientationPortraitUpsideDown UIInterfaceOrientationLandscapeLeft UIInterfaceOrientationLandscapeRight";
				INFOPLIST_KEY_UISupportedInterfaceOrientations_iPhone = "UIInterfaceOrientationPortrait UIInterfaceOrientationLandscapeLeft UIInterfaceOrientationLandscapeRight";
				IPHONEOS_DEPLOYMENT_TARGET = 15.0;
				LD_RUNPATH_SEARCH_PATHS = (
					"$(inherited)",
					"@executable_path/Frameworks",
				);
				MARKETING_VERSION = 1.0;
				PRODUCT_BUNDLE_IDENTIFIER = com.yourname.moviequiz;
				PRODUCT_NAME = "$(TARGET_NAME)";
				SWIFT_EMIT_LOC_STRINGS = YES;
				SWIFT_VERSION = 5.0;
				TARGETED_DEVICE_FAMILY = 1;
			};
			name = Debug;
		};
		AD1ABAC42831907F00B3E448 /* Release */ = {
			isa = XCBuildConfiguration;
			buildSettings = {
				ASSETCATALOG_COMPILER_APPICON_NAME = AppIcon;
				CODE_SIGN_STYLE = Automatic;
				CURRENT_PROJECT_VERSION = 1;
				DEVELOPMENT_TEAM = NUX53VR35X;
				GENERATE_INFOPLIST_FILE = YES;
				INFOPLIST_FILE = MovieQuiz/Resources/Info.plist;
				INFOPLIST_KEY_UIApplicationSupportsIndirectInputEvents = YES;
				INFOPLIST_KEY_UILaunchStoryboardName = LaunchScreen;
				INFOPLIST_KEY_UIMainStoryboardFile = Main;
				INFOPLIST_KEY_UIStatusBarHidden = YES;
				INFOPLIST_KEY_UISupportedInterfaceOrientations = UIInterfaceOrientationPortrait;
				INFOPLIST_KEY_UISupportedInterfaceOrientations_iPad = "UIInterfaceOrientationPortrait UIInterfaceOrientationPortraitUpsideDown UIInterfaceOrientationLandscapeLeft UIInterfaceOrientationLandscapeRight";
				INFOPLIST_KEY_UISupportedInterfaceOrientations_iPhone = "UIInterfaceOrientationPortrait UIInterfaceOrientationLandscapeLeft UIInterfaceOrientationLandscapeRight";
				IPHONEOS_DEPLOYMENT_TARGET = 15.0;
				LD_RUNPATH_SEARCH_PATHS = (
					"$(inherited)",
					"@executable_path/Frameworks",
				);
				MARKETING_VERSION = 1.0;
				PRODUCT_BUNDLE_IDENTIFIER = com.yourname.moviequiz;
				PRODUCT_NAME = "$(TARGET_NAME)";
				SWIFT_EMIT_LOC_STRINGS = YES;
				SWIFT_VERSION = 5.0;
				TARGETED_DEVICE_FAMILY = 1;
			};
			name = Release;
		};
/* End XCBuildConfiguration section */

/* Begin XCConfigurationList section */
		84B961632C8ADFAA0087B502 /* Build configuration list for PBXNativeTarget "SimpleUITest" */ = {
			isa = XCConfigurationList;
			buildConfigurations = (
				84B961612C8ADFAA0087B502 /* Debug */,
				84B961622C8ADFAA0087B502 /* Release */,
			);
			defaultConfigurationIsVisible = 0;
			defaultConfigurationName = Release;
		};
		84C0C9F22C9AB59F003D8EBA /* Build configuration list for PBXNativeTarget "MovieQuizViewControllerProtocol" */ = {
			isa = XCConfigurationList;
			buildConfigurations = (
				84C0C9F02C9AB59F003D8EBA /* Debug */,
				84C0C9F12C9AB59F003D8EBA /* Release */,
			);
			defaultConfigurationIsVisible = 0;
			defaultConfigurationName = Release;
		};
		84F76B9F2C8A0C650022792C /* Build configuration list for PBXNativeTarget "ArrayTests" */ = {
			isa = XCConfigurationList;
			buildConfigurations = (
				84F76BA02C8A0C650022792C /* Debug */,
				84F76BA12C8A0C650022792C /* Release */,
			);
			defaultConfigurationIsVisible = 0;
			defaultConfigurationName = Release;
		};
		84F76BAC2C8A11CC0022792C /* Build configuration list for PBXNativeTarget "MoviesLoaderTests" */ = {
			isa = XCConfigurationList;
			buildConfigurations = (
				84F76BAD2C8A11CC0022792C /* Debug */,
				84F76BAE2C8A11CC0022792C /* Release */,
			);
			defaultConfigurationIsVisible = 0;
			defaultConfigurationName = Release;
		};
		84F76BCB2C8A29A80022792C /* Build configuration list for PBXNativeTarget "MovieQuizUITests" */ = {
			isa = XCConfigurationList;
			buildConfigurations = (
				84F76BCC2C8A29A80022792C /* Debug */,
				84F76BCD2C8A29A80022792C /* Release */,
			);
			defaultConfigurationIsVisible = 0;
			defaultConfigurationName = Release;
		};
		AD1ABAA92831907B00B3E448 /* Build configuration list for PBXProject "MovieQuiz" */ = {
			isa = XCConfigurationList;
			buildConfigurations = (
				AD1ABAC02831907F00B3E448 /* Debug */,
				AD1ABAC12831907F00B3E448 /* Release */,
			);
			defaultConfigurationIsVisible = 0;
			defaultConfigurationName = Release;
		};
		AD1ABAC22831907F00B3E448 /* Build configuration list for PBXNativeTarget "MovieQuiz" */ = {
			isa = XCConfigurationList;
			buildConfigurations = (
				AD1ABAC32831907F00B3E448 /* Debug */,
				AD1ABAC42831907F00B3E448 /* Release */,
			);
			defaultConfigurationIsVisible = 0;
			defaultConfigurationName = Release;
		};
/* End XCConfigurationList section */
	};
	rootObject = AD1ABAA62831907B00B3E448 /* Project object */;
}
