// !$*UTF8*$!
{
	archiveVersion = 1;
	classes = {
	};
	objectVersion = 56;
	objects = {

/* Begin PBXBuildFile section */
		84B961802C8AE5740087B502 /* AppDelegate.swift in Sources */ = {isa = PBXBuildFile; fileRef = 84B9617F2C8AE5740087B502 /* AppDelegate.swift */; };
		84B961822C8AE5740087B502 /* SceneDelegate.swift in Sources */ = {isa = PBXBuildFile; fileRef = 84B961812C8AE5740087B502 /* SceneDelegate.swift */; };
		84B961842C8AE5740087B502 /* ViewController.swift in Sources */ = {isa = PBXBuildFile; fileRef = 84B961832C8AE5740087B502 /* ViewController.swift */; };
		84B961872C8AE5740087B502 /* Base in Resources */ = {isa = PBXBuildFile; fileRef = 84B961862C8AE5740087B502 /* Base */; };
		84B961892C8AE5760087B502 /* Assets.xcassets in Resources */ = {isa = PBXBuildFile; fileRef = 84B961882C8AE5760087B502 /* Assets.xcassets */; };
		84B9618C2C8AE5760087B502 /* Base in Resources */ = {isa = PBXBuildFile; fileRef = 84B9618B2C8AE5760087B502 /* Base */; };
		84B961972C8AE5770087B502 /* _77Tests.swift in Sources */ = {isa = PBXBuildFile; fileRef = 84B961962C8AE5770087B502 /* _77Tests.swift */; };
		84B961A12C8AE5770087B502 /* _77UITests.swift in Sources */ = {isa = PBXBuildFile; fileRef = 84B961A02C8AE5770087B502 /* _77UITests.swift */; };
		84B961A32C8AE5770087B502 /* _77UITestsLaunchTests.swift in Sources */ = {isa = PBXBuildFile; fileRef = 84B961A22C8AE5770087B502 /* _77UITestsLaunchTests.swift */; };
/* End PBXBuildFile section */

/* Begin PBXContainerItemProxy section */
		84B961932C8AE5770087B502 /* PBXContainerItemProxy */ = {
			isa = PBXContainerItemProxy;
			containerPortal = 84B961742C8AE5740087B502 /* Project object */;
			proxyType = 1;
			remoteGlobalIDString = 84B9617B2C8AE5740087B502;
			remoteInfo = 777;
		};
		84B9619D2C8AE5770087B502 /* PBXContainerItemProxy */ = {
			isa = PBXContainerItemProxy;
			containerPortal = 84B961742C8AE5740087B502 /* Project object */;
			proxyType = 1;
			remoteGlobalIDString = 84B9617B2C8AE5740087B502;
			remoteInfo = 777;
		};
/* End PBXContainerItemProxy section */

/* Begin PBXFileReference section */
		84B9617C2C8AE5740087B502 /* 777.app */ = {isa = PBXFileReference; explicitFileType = wrapper.application; includeInIndex = 0; path = 777.app; sourceTree = BUILT_PRODUCTS_DIR; };
		84B9617F2C8AE5740087B502 /* AppDelegate.swift */ = {isa = PBXFileReference; lastKnownFileType = sourcecode.swift; path = AppDelegate.swift; sourceTree = "<group>"; };
		84B961812C8AE5740087B502 /* SceneDelegate.swift */ = {isa = PBXFileReference; lastKnownFileType = sourcecode.swift; path = SceneDelegate.swift; sourceTree = "<group>"; };
		84B961832C8AE5740087B502 /* ViewController.swift */ = {isa = PBXFileReference; lastKnownFileType = sourcecode.swift; path = ViewController.swift; sourceTree = "<group>"; };
		84B961862C8AE5740087B502 /* Base */ = {isa = PBXFileReference; lastKnownFileType = file.storyboard; name = Base; path = Base.lproj/Main.storyboard; sourceTree = "<group>"; };
		84B961882C8AE5760087B502 /* Assets.xcassets */ = {isa = PBXFileReference; lastKnownFileType = folder.assetcatalog; path = Assets.xcassets; sourceTree = "<group>"; };
		84B9618B2C8AE5760087B502 /* Base */ = {isa = PBXFileReference; lastKnownFileType = file.storyboard; name = Base; path = Base.lproj/LaunchScreen.storyboard; sourceTree = "<group>"; };
		84B9618D2C8AE5760087B502 /* Info.plist */ = {isa = PBXFileReference; lastKnownFileType = text.plist.xml; path = Info.plist; sourceTree = "<group>"; };
		84B961922C8AE5770087B502 /* 777Tests.xctest */ = {isa = PBXFileReference; explicitFileType = wrapper.cfbundle; includeInIndex = 0; path = 777Tests.xctest; sourceTree = BUILT_PRODUCTS_DIR; };
		84B961962C8AE5770087B502 /* _77Tests.swift */ = {isa = PBXFileReference; lastKnownFileType = sourcecode.swift; path = _77Tests.swift; sourceTree = "<group>"; };
		84B9619C2C8AE5770087B502 /* 777UITests.xctest */ = {isa = PBXFileReference; explicitFileType = wrapper.cfbundle; includeInIndex = 0; path = 777UITests.xctest; sourceTree = BUILT_PRODUCTS_DIR; };
		84B961A02C8AE5770087B502 /* _77UITests.swift */ = {isa = PBXFileReference; lastKnownFileType = sourcecode.swift; path = _77UITests.swift; sourceTree = "<group>"; };
		84B961A22C8AE5770087B502 /* _77UITestsLaunchTests.swift */ = {isa = PBXFileReference; lastKnownFileType = sourcecode.swift; path = _77UITestsLaunchTests.swift; sourceTree = "<group>"; };
/* End PBXFileReference section */

/* Begin PBXFrameworksBuildPhase section */
		84B961792C8AE5740087B502 /* Frameworks */ = {
			isa = PBXFrameworksBuildPhase;
			buildActionMask = 2147483647;
			files = (
			);
			runOnlyForDeploymentPostprocessing = 0;
		};
		84B9618F2C8AE5770087B502 /* Frameworks */ = {
			isa = PBXFrameworksBuildPhase;
			buildActionMask = 2147483647;
			files = (
			);
			runOnlyForDeploymentPostprocessing = 0;
		};
		84B961992C8AE5770087B502 /* Frameworks */ = {
			isa = PBXFrameworksBuildPhase;
			buildActionMask = 2147483647;
			files = (
			);
			runOnlyForDeploymentPostprocessing = 0;
		};
/* End PBXFrameworksBuildPhase section */

/* Begin PBXGroup section */
		84B961732C8AE5740087B502 = {
			isa = PBXGroup;
			children = (
				84B9617E2C8AE5740087B502 /* 777 */,
				84B961952C8AE5770087B502 /* 777Tests */,
				84B9619F2C8AE5770087B502 /* 777UITests */,
				84B9617D2C8AE5740087B502 /* Products */,
			);
			sourceTree = "<group>";
		};
		84B9617D2C8AE5740087B502 /* Products */ = {
			isa = PBXGroup;
			children = (
				84B9617C2C8AE5740087B502 /* 777.app */,
				84B961922C8AE5770087B502 /* 777Tests.xctest */,
				84B9619C2C8AE5770087B502 /* 777UITests.xctest */,
			);
			name = Products;
			sourceTree = "<group>";
		};
		84B9617E2C8AE5740087B502 /* 777 */ = {
			isa = PBXGroup;
			children = (
				84B9617F2C8AE5740087B502 /* AppDelegate.swift */,
				84B961812C8AE5740087B502 /* SceneDelegate.swift */,
				84B961832C8AE5740087B502 /* ViewController.swift */,
				84B961852C8AE5740087B502 /* Main.storyboard */,
				84B961882C8AE5760087B502 /* Assets.xcassets */,
				84B9618A2C8AE5760087B502 /* LaunchScreen.storyboard */,
				84B9618D2C8AE5760087B502 /* Info.plist */,
			);
			path = 777;
			sourceTree = "<group>";
		};
		84B961952C8AE5770087B502 /* 777Tests */ = {
			isa = PBXGroup;
			children = (
				84B961962C8AE5770087B502 /* _77Tests.swift */,
			);
			path = 777Tests;
			sourceTree = "<group>";
		};
		84B9619F2C8AE5770087B502 /* 777UITests */ = {
			isa = PBXGroup;
			children = (
				84B961A02C8AE5770087B502 /* _77UITests.swift */,
				84B961A22C8AE5770087B502 /* _77UITestsLaunchTests.swift */,
			);
			path = 777UITests;
			sourceTree = "<group>";
		};
/* End PBXGroup section */

/* Begin PBXNativeTarget section */
		84B9617B2C8AE5740087B502 /* 777 */ = {
			isa = PBXNativeTarget;
			buildConfigurationList = 84B961A62C8AE5770087B502 /* Build configuration list for PBXNativeTarget "777" */;
			buildPhases = (
				84B961782C8AE5740087B502 /* Sources */,
				84B961792C8AE5740087B502 /* Frameworks */,
				84B9617A2C8AE5740087B502 /* Resources */,
			);
			buildRules = (
			);
			dependencies = (
			);
			name = 777;
			productName = 777;
			productReference = 84B9617C2C8AE5740087B502 /* 777.app */;
			productType = "com.apple.product-type.application";
		};
		84B961912C8AE5770087B502 /* 777Tests */ = {
			isa = PBXNativeTarget;
			buildConfigurationList = 84B961A92C8AE5770087B502 /* Build configuration list for PBXNativeTarget "777Tests" */;
			buildPhases = (
				84B9618E2C8AE5770087B502 /* Sources */,
				84B9618F2C8AE5770087B502 /* Frameworks */,
				84B961902C8AE5770087B502 /* Resources */,
			);
			buildRules = (
			);
			dependencies = (
				84B961942C8AE5770087B502 /* PBXTargetDependency */,
			);
			name = 777Tests;
			productName = 777Tests;
			productReference = 84B961922C8AE5770087B502 /* 777Tests.xctest */;
			productType = "com.apple.product-type.bundle.unit-test";
		};
		84B9619B2C8AE5770087B502 /* 777UITests */ = {
			isa = PBXNativeTarget;
			buildConfigurationList = 84B961AC2C8AE5770087B502 /* Build configuration list for PBXNativeTarget "777UITests" */;
			buildPhases = (
				84B961982C8AE5770087B502 /* Sources */,
				84B961992C8AE5770087B502 /* Frameworks */,
				84B9619A2C8AE5770087B502 /* Resources */,
			);
			buildRules = (
			);
			dependencies = (
				84B9619E2C8AE5770087B502 /* PBXTargetDependency */,
			);
			name = 777UITests;
			productName = 777UITests;
			productReference = 84B9619C2C8AE5770087B502 /* 777UITests.xctest */;
			productType = "com.apple.product-type.bundle.ui-testing";
		};
/* End PBXNativeTarget section */

/* Begin PBXProject section */
		84B961742C8AE5740087B502 /* Project object */ = {
			isa = PBXProject;
			attributes = {
				BuildIndependentTargetsInParallel = 1;
				LastSwiftUpdateCheck = 1530;
				LastUpgradeCheck = 1530;
				TargetAttributes = {
					84B9617B2C8AE5740087B502 = {
						CreatedOnToolsVersion = 15.3;
					};
					84B961912C8AE5770087B502 = {
						CreatedOnToolsVersion = 15.3;
						TestTargetID = 84B9617B2C8AE5740087B502;
					};
					84B9619B2C8AE5770087B502 = {
						CreatedOnToolsVersion = 15.3;
						TestTargetID = 84B9617B2C8AE5740087B502;
					};
				};
			};
			buildConfigurationList = 84B961772C8AE5740087B502 /* Build configuration list for PBXProject "777" */;
			compatibilityVersion = "Xcode 14.0";
			developmentRegion = en;
			hasScannedForEncodings = 0;
			knownRegions = (
				en,
				Base,
			);
			mainGroup = 84B961732C8AE5740087B502;
			productRefGroup = 84B9617D2C8AE5740087B502 /* Products */;
			projectDirPath = "";
			projectRoot = "";
			targets = (
				84B9617B2C8AE5740087B502 /* 777 */,
				84B961912C8AE5770087B502 /* 777Tests */,
				84B9619B2C8AE5770087B502 /* 777UITests */,
			);
		};
/* End PBXProject section */

/* Begin PBXResourcesBuildPhase section */
		84B9617A2C8AE5740087B502 /* Resources */ = {
			isa = PBXResourcesBuildPhase;
			buildActionMask = 2147483647;
			files = (
				84B961892C8AE5760087B502 /* Assets.xcassets in Resources */,
				84B9618C2C8AE5760087B502 /* Base in Resources */,
				84B961872C8AE5740087B502 /* Base in Resources */,
			);
			runOnlyForDeploymentPostprocessing = 0;
		};
		84B961902C8AE5770087B502 /* Resources */ = {
			isa = PBXResourcesBuildPhase;
			buildActionMask = 2147483647;
			files = (
			);
			runOnlyForDeploymentPostprocessing = 0;
		};
		84B9619A2C8AE5770087B502 /* Resources */ = {
			isa = PBXResourcesBuildPhase;
			buildActionMask = 2147483647;
			files = (
			);
			runOnlyForDeploymentPostprocessing = 0;
		};
/* End PBXResourcesBuildPhase section */

/* Begin PBXSourcesBuildPhase section */
		84B961782C8AE5740087B502 /* Sources */ = {
			isa = PBXSourcesBuildPhase;
			buildActionMask = 2147483647;
			files = (
				84B961842C8AE5740087B502 /* ViewController.swift in Sources */,
				84B961802C8AE5740087B502 /* AppDelegate.swift in Sources */,
				84B961822C8AE5740087B502 /* SceneDelegate.swift in Sources */,
			);
			runOnlyForDeploymentPostprocessing = 0;
		};
		84B9618E2C8AE5770087B502 /* Sources */ = {
			isa = PBXSourcesBuildPhase;
			buildActionMask = 2147483647;
			files = (
				84B961972C8AE5770087B502 /* _77Tests.swift in Sources */,
			);
			runOnlyForDeploymentPostprocessing = 0;
		};
		84B961982C8AE5770087B502 /* Sources */ = {
			isa = PBXSourcesBuildPhase;
			buildActionMask = 2147483647;
			files = (
				84B961A32C8AE5770087B502 /* _77UITestsLaunchTests.swift in Sources */,
				84B961A12C8AE5770087B502 /* _77UITests.swift in Sources */,
			);
			runOnlyForDeploymentPostprocessing = 0;
		};
/* End PBXSourcesBuildPhase section */

/* Begin PBXTargetDependency section */
		84B961942C8AE5770087B502 /* PBXTargetDependency */ = {
			isa = PBXTargetDependency;
			target = 84B9617B2C8AE5740087B502 /* 777 */;
			targetProxy = 84B961932C8AE5770087B502 /* PBXContainerItemProxy */;
		};
		84B9619E2C8AE5770087B502 /* PBXTargetDependency */ = {
			isa = PBXTargetDependency;
			target = 84B9617B2C8AE5740087B502 /* 777 */;
			targetProxy = 84B9619D2C8AE5770087B502 /* PBXContainerItemProxy */;
		};
/* End PBXTargetDependency section */

/* Begin PBXVariantGroup section */
		84B961852C8AE5740087B502 /* Main.storyboard */ = {
			isa = PBXVariantGroup;
			children = (
				84B961862C8AE5740087B502 /* Base */,
			);
			name = Main.storyboard;
			sourceTree = "<group>";
		};
		84B9618A2C8AE5760087B502 /* LaunchScreen.storyboard */ = {
			isa = PBXVariantGroup;
			children = (
				84B9618B2C8AE5760087B502 /* Base */,
			);
			name = LaunchScreen.storyboard;
			sourceTree = "<group>";
		};
/* End PBXVariantGroup section */

/* Begin XCBuildConfiguration section */
		84B961A42C8AE5770087B502 /* Debug */ = {
			isa = XCBuildConfiguration;
			buildSettings = {
				ALWAYS_SEARCH_USER_PATHS = NO;
				ASSETCATALOG_COMPILER_GENERATE_SWIFT_ASSET_SYMBOL_EXTENSIONS = YES;
				CLANG_ANALYZER_NONNULL = YES;
				CLANG_ANALYZER_NUMBER_OBJECT_CONVERSION = YES_AGGRESSIVE;
				CLANG_CXX_LANGUAGE_STANDARD = "gnu++20";
				CLANG_ENABLE_MODULES = YES;
				CLANG_ENABLE_OBJC_ARC = YES;
				CLANG_ENABLE_OBJC_WEAK = YES;
				CLANG_WARN_BLOCK_CAPTURE_AUTORELEASING = YES;
				CLANG_WARN_BOOL_CONVERSION = YES;
				CLANG_WARN_COMMA = YES;
				CLANG_WARN_CONSTANT_CONVERSION = YES;
				CLANG_WARN_DEPRECATED_OBJC_IMPLEMENTATIONS = YES;
				CLANG_WARN_DIRECT_OBJC_ISA_USAGE = YES_ERROR;
				CLANG_WARN_DOCUMENTATION_COMMENTS = YES;
				CLANG_WARN_EMPTY_BODY = YES;
				CLANG_WARN_ENUM_CONVERSION = YES;
				CLANG_WARN_INFINITE_RECURSION = YES;
				CLANG_WARN_INT_CONVERSION = YES;
				CLANG_WARN_NON_LITERAL_NULL_CONVERSION = YES;
				CLANG_WARN_OBJC_IMPLICIT_RETAIN_SELF = YES;
				CLANG_WARN_OBJC_LITERAL_CONVERSION = YES;
				CLANG_WARN_OBJC_ROOT_CLASS = YES_ERROR;
				CLANG_WARN_QUOTED_INCLUDE_IN_FRAMEWORK_HEADER = YES;
				CLANG_WARN_RANGE_LOOP_ANALYSIS = YES;
				CLANG_WARN_STRICT_PROTOTYPES = YES;
				CLANG_WARN_SUSPICIOUS_MOVE = YES;
				CLANG_WARN_UNGUARDED_AVAILABILITY = YES_AGGRESSIVE;
				CLANG_WARN_UNREACHABLE_CODE = YES;
				CLANG_WARN__DUPLICATE_METHOD_MATCH = YES;
				COPY_PHASE_STRIP = NO;
				DEBUG_INFORMATION_FORMAT = dwarf;
				ENABLE_STRICT_OBJC_MSGSEND = YES;
				ENABLE_TESTABILITY = YES;
				ENABLE_USER_SCRIPT_SANDBOXING = YES;
				GCC_C_LANGUAGE_STANDARD = gnu17;
				GCC_DYNAMIC_NO_PIC = NO;
				GCC_NO_COMMON_BLOCKS = YES;
				GCC_OPTIMIZATION_LEVEL = 0;
				GCC_PREPROCESSOR_DEFINITIONS = (
					"DEBUG=1",
					"$(inherited)",
				);
				GCC_WARN_64_TO_32_BIT_CONVERSION = YES;
				GCC_WARN_ABOUT_RETURN_TYPE = YES_ERROR;
				GCC_WARN_UNDECLARED_SELECTOR = YES;
				GCC_WARN_UNINITIALIZED_AUTOS = YES_AGGRESSIVE;
				GCC_WARN_UNUSED_FUNCTION = YES;
				GCC_WARN_UNUSED_VARIABLE = YES;
				IPHONEOS_DEPLOYMENT_TARGET = 17.4;
				LOCALIZATION_PREFERS_STRING_CATALOGS = YES;
				MTL_ENABLE_DEBUG_INFO = INCLUDE_SOURCE;
				MTL_FAST_MATH = YES;
				ONLY_ACTIVE_ARCH = YES;
				SDKROOT = iphoneos;
				SWIFT_ACTIVE_COMPILATION_CONDITIONS = "DEBUG $(inherited)";
				SWIFT_OPTIMIZATION_LEVEL = "-Onone";
			};
			name = Debug;
		};
		84B961A52C8AE5770087B502 /* Release */ = {
			isa = XCBuildConfiguration;
			buildSettings = {
				ALWAYS_SEARCH_USER_PATHS = NO;
				ASSETCATALOG_COMPILER_GENERATE_SWIFT_ASSET_SYMBOL_EXTENSIONS = YES;
				CLANG_ANALYZER_NONNULL = YES;
				CLANG_ANALYZER_NUMBER_OBJECT_CONVERSION = YES_AGGRESSIVE;
				CLANG_CXX_LANGUAGE_STANDARD = "gnu++20";
				CLANG_ENABLE_MODULES = YES;
				CLANG_ENABLE_OBJC_ARC = YES;
				CLANG_ENABLE_OBJC_WEAK = YES;
				CLANG_WARN_BLOCK_CAPTURE_AUTORELEASING = YES;
				CLANG_WARN_BOOL_CONVERSION = YES;
				CLANG_WARN_COMMA = YES;
				CLANG_WARN_CONSTANT_CONVERSION = YES;
				CLANG_WARN_DEPRECATED_OBJC_IMPLEMENTATIONS = YES;
				CLANG_WARN_DIRECT_OBJC_ISA_USAGE = YES_ERROR;
				CLANG_WARN_DOCUMENTATION_COMMENTS = YES;
				CLANG_WARN_EMPTY_BODY = YES;
				CLANG_WARN_ENUM_CONVERSION = YES;
				CLANG_WARN_INFINITE_RECURSION = YES;
				CLANG_WARN_INT_CONVERSION = YES;
				CLANG_WARN_NON_LITERAL_NULL_CONVERSION = YES;
				CLANG_WARN_OBJC_IMPLICIT_RETAIN_SELF = YES;
				CLANG_WARN_OBJC_LITERAL_CONVERSION = YES;
				CLANG_WARN_OBJC_ROOT_CLASS = YES_ERROR;
				CLANG_WARN_QUOTED_INCLUDE_IN_FRAMEWORK_HEADER = YES;
				CLANG_WARN_RANGE_LOOP_ANALYSIS = YES;
				CLANG_WARN_STRICT_PROTOTYPES = YES;
				CLANG_WARN_SUSPICIOUS_MOVE = YES;
				CLANG_WARN_UNGUARDED_AVAILABILITY = YES_AGGRESSIVE;
				CLANG_WARN_UNREACHABLE_CODE = YES;
				CLANG_WARN__DUPLICATE_METHOD_MATCH = YES;
				COPY_PHASE_STRIP = NO;
				DEBUG_INFORMATION_FORMAT = "dwarf-with-dsym";
				ENABLE_NS_ASSERTIONS = NO;
				ENABLE_STRICT_OBJC_MSGSEND = YES;
				ENABLE_USER_SCRIPT_SANDBOXING = YES;
				GCC_C_LANGUAGE_STANDARD = gnu17;
				GCC_NO_COMMON_BLOCKS = YES;
				GCC_WARN_64_TO_32_BIT_CONVERSION = YES;
				GCC_WARN_ABOUT_RETURN_TYPE = YES_ERROR;
				GCC_WARN_UNDECLARED_SELECTOR = YES;
				GCC_WARN_UNINITIALIZED_AUTOS = YES_AGGRESSIVE;
				GCC_WARN_UNUSED_FUNCTION = YES;
				GCC_WARN_UNUSED_VARIABLE = YES;
				IPHONEOS_DEPLOYMENT_TARGET = 17.4;
				LOCALIZATION_PREFERS_STRING_CATALOGS = YES;
				MTL_ENABLE_DEBUG_INFO = NO;
				MTL_FAST_MATH = YES;
				SDKROOT = iphoneos;
				SWIFT_COMPILATION_MODE = wholemodule;
				VALIDATE_PRODUCT = YES;
			};
			name = Release;
		};
		84B961A72C8AE5770087B502 /* Debug */ = {
			isa = XCBuildConfiguration;
			buildSettings = {
				ASSETCATALOG_COMPILER_APPICON_NAME = AppIcon;
				ASSETCATALOG_COMPILER_GLOBAL_ACCENT_COLOR_NAME = AccentColor;
				CODE_SIGN_STYLE = Automatic;
				CURRENT_PROJECT_VERSION = 1;
				DEVELOPMENT_TEAM = NUX53VR35X;
				GENERATE_INFOPLIST_FILE = YES;
				INFOPLIST_FILE = 777/Info.plist;
				INFOPLIST_KEY_UIApplicationSupportsIndirectInputEvents = YES;
				INFOPLIST_KEY_UILaunchStoryboardName = LaunchScreen;
				INFOPLIST_KEY_UIMainStoryboardFile = Main;
				INFOPLIST_KEY_UISupportedInterfaceOrientations_iPad = "UIInterfaceOrientationPortrait UIInterfaceOrientationPortraitUpsideDown UIInterfaceOrientationLandscapeLeft UIInterfaceOrientationLandscapeRight";
				INFOPLIST_KEY_UISupportedInterfaceOrientations_iPhone = "UIInterfaceOrientationPortrait UIInterfaceOrientationLandscapeLeft UIInterfaceOrientationLandscapeRight";
				LD_RUNPATH_SEARCH_PATHS = (
					"$(inherited)",
					"@executable_path/Frameworks",
				);
				MARKETING_VERSION = 1.0;
				PRODUCT_BUNDLE_IDENTIFIER = "ru.yandex.practicum.-77";
				PRODUCT_NAME = "$(TARGET_NAME)";
				SWIFT_EMIT_LOC_STRINGS = YES;
				SWIFT_VERSION = 5.0;
				TARGETED_DEVICE_FAMILY = "1,2";
			};
			name = Debug;
		};
		84B961A82C8AE5770087B502 /* Release */ = {
			isa = XCBuildConfiguration;
			buildSettings = {
				ASSETCATALOG_COMPILER_APPICON_NAME = AppIcon;
				ASSETCATALOG_COMPILER_GLOBAL_ACCENT_COLOR_NAME = AccentColor;
				CODE_SIGN_STYLE = Automatic;
				CURRENT_PROJECT_VERSION = 1;
				DEVELOPMENT_TEAM = NUX53VR35X;
				GENERATE_INFOPLIST_FILE = YES;
				INFOPLIST_FILE = 777/Info.plist;
				INFOPLIST_KEY_UIApplicationSupportsIndirectInputEvents = YES;
				INFOPLIST_KEY_UILaunchStoryboardName = LaunchScreen;
				INFOPLIST_KEY_UIMainStoryboardFile = Main;
				INFOPLIST_KEY_UISupportedInterfaceOrientations_iPad = "UIInterfaceOrientationPortrait UIInterfaceOrientationPortraitUpsideDown UIInterfaceOrientationLandscapeLeft UIInterfaceOrientationLandscapeRight";
				INFOPLIST_KEY_UISupportedInterfaceOrientations_iPhone = "UIInterfaceOrientationPortrait UIInterfaceOrientationLandscapeLeft UIInterfaceOrientationLandscapeRight";
				LD_RUNPATH_SEARCH_PATHS = (
					"$(inherited)",
					"@executable_path/Frameworks",
				);
				MARKETING_VERSION = 1.0;
				PRODUCT_BUNDLE_IDENTIFIER = "ru.yandex.practicum.-77";
				PRODUCT_NAME = "$(TARGET_NAME)";
				SWIFT_EMIT_LOC_STRINGS = YES;
				SWIFT_VERSION = 5.0;
				TARGETED_DEVICE_FAMILY = "1,2";
			};
			name = Release;
		};
		84B961AA2C8AE5770087B502 /* Debug */ = {
			isa = XCBuildConfiguration;
			buildSettings = {
				ALWAYS_EMBED_SWIFT_STANDARD_LIBRARIES = YES;
				BUNDLE_LOADER = "$(TEST_HOST)";
				CODE_SIGN_STYLE = Automatic;
				CURRENT_PROJECT_VERSION = 1;
				DEVELOPMENT_TEAM = NUX53VR35X;
				GENERATE_INFOPLIST_FILE = YES;
				IPHONEOS_DEPLOYMENT_TARGET = 17.4;
				MARKETING_VERSION = 1.0;
				PRODUCT_BUNDLE_IDENTIFIER = "ru.yandex.practicum.-77Tests";
				PRODUCT_NAME = "$(TARGET_NAME)";
				SWIFT_EMIT_LOC_STRINGS = NO;
				SWIFT_VERSION = 5.0;
				TARGETED_DEVICE_FAMILY = "1,2";
				TEST_HOST = "$(BUILT_PRODUCTS_DIR)/777.app/$(BUNDLE_EXECUTABLE_FOLDER_PATH)/777";
			};
			name = Debug;
		};
		84B961AB2C8AE5770087B502 /* Release */ = {
			isa = XCBuildConfiguration;
			buildSettings = {
				ALWAYS_EMBED_SWIFT_STANDARD_LIBRARIES = YES;
				BUNDLE_LOADER = "$(TEST_HOST)";
				CODE_SIGN_STYLE = Automatic;
				CURRENT_PROJECT_VERSION = 1;
				DEVELOPMENT_TEAM = NUX53VR35X;
				GENERATE_INFOPLIST_FILE = YES;
				IPHONEOS_DEPLOYMENT_TARGET = 17.4;
				MARKETING_VERSION = 1.0;
				PRODUCT_BUNDLE_IDENTIFIER = "ru.yandex.practicum.-77Tests";
				PRODUCT_NAME = "$(TARGET_NAME)";
				SWIFT_EMIT_LOC_STRINGS = NO;
				SWIFT_VERSION = 5.0;
				TARGETED_DEVICE_FAMILY = "1,2";
				TEST_HOST = "$(BUILT_PRODUCTS_DIR)/777.app/$(BUNDLE_EXECUTABLE_FOLDER_PATH)/777";
			};
			name = Release;
		};
		84B961AD2C8AE5770087B502 /* Debug */ = {
			isa = XCBuildConfiguration;
			buildSettings = {
				ALWAYS_EMBED_SWIFT_STANDARD_LIBRARIES = YES;
				CODE_SIGN_STYLE = Automatic;
				CURRENT_PROJECT_VERSION = 1;
				DEVELOPMENT_TEAM = NUX53VR35X;
				GENERATE_INFOPLIST_FILE = YES;
				MARKETING_VERSION = 1.0;
				PRODUCT_BUNDLE_IDENTIFIER = "ru.yandex.practicum.-77UITests";
				PRODUCT_NAME = "$(TARGET_NAME)";
				SWIFT_EMIT_LOC_STRINGS = NO;
				SWIFT_VERSION = 5.0;
				TARGETED_DEVICE_FAMILY = "1,2";
				TEST_TARGET_NAME = 777;
			};
			name = Debug;
		};
		84B961AE2C8AE5770087B502 /* Release */ = {
			isa = XCBuildConfiguration;
			buildSettings = {
				ALWAYS_EMBED_SWIFT_STANDARD_LIBRARIES = YES;
				CODE_SIGN_STYLE = Automatic;
				CURRENT_PROJECT_VERSION = 1;
				DEVELOPMENT_TEAM = NUX53VR35X;
				GENERATE_INFOPLIST_FILE = YES;
				MARKETING_VERSION = 1.0;
				PRODUCT_BUNDLE_IDENTIFIER = "ru.yandex.practicum.-77UITests";
				PRODUCT_NAME = "$(TARGET_NAME)";
				SWIFT_EMIT_LOC_STRINGS = NO;
				SWIFT_VERSION = 5.0;
				TARGETED_DEVICE_FAMILY = "1,2";
				TEST_TARGET_NAME = 777;
			};
			name = Release;
		};
/* End XCBuildConfiguration section */

/* Begin XCConfigurationList section */
		84B961772C8AE5740087B502 /* Build configuration list for PBXProject "777" */ = {
			isa = XCConfigurationList;
			buildConfigurations = (
				84B961A42C8AE5770087B502 /* Debug */,
				84B961A52C8AE5770087B502 /* Release */,
			);
			defaultConfigurationIsVisible = 0;
			defaultConfigurationName = Release;
		};
		84B961A62C8AE5770087B502 /* Build configuration list for PBXNativeTarget "777" */ = {
			isa = XCConfigurationList;
			buildConfigurations = (
				84B961A72C8AE5770087B502 /* Debug */,
				84B961A82C8AE5770087B502 /* Release */,
			);
			defaultConfigurationIsVisible = 0;
			defaultConfigurationName = Release;
		};
		84B961A92C8AE5770087B502 /* Build configuration list for PBXNativeTarget "777Tests" */ = {
			isa = XCConfigurationList;
			buildConfigurations = (
				84B961AA2C8AE5770087B502 /* Debug */,
				84B961AB2C8AE5770087B502 /* Release */,
			);
			defaultConfigurationIsVisible = 0;
			defaultConfigurationName = Release;
		};
		84B961AC2C8AE5770087B502 /* Build configuration list for PBXNativeTarget "777UITests" */ = {
			isa = XCConfigurationList;
			buildConfigurations = (
				84B961AD2C8AE5770087B502 /* Debug */,
				84B961AE2C8AE5770087B502 /* Release */,
			);
			defaultConfigurationIsVisible = 0;
			defaultConfigurationName = Release;
		};
/* End XCConfigurationList section */
	};
	rootObject = 84B961742C8AE5740087B502 /* Project object */;
}
