<?xml version="1.0" encoding="UTF-8"?>
<Scheme
   LastUpgradeVersion = "1530"
   version = "2.2">
   <BuildAction
      parallelizeBuildables = "YES"
      buildImplicitDependencies = "YES"
      buildArchitectures = "Automatic">
      <BuildActionEntries>
         <BuildActionEntry
            buildForTesting = "YES"
            buildForRunning = "NO"
            buildForProfiling = "NO"
            buildForArchiving = "NO"
            buildForAnalyzing = "YES">
            <AutocreatedTestPlanReference>
            </AutocreatedTestPlanReference>
         </BuildActionEntry>
         <BuildActionEntry
            buildForTesting = "YES"
            buildForRunning = "YES"
            buildForProfiling = "YES"
            buildForArchiving = "YES"
            buildForAnalyzing = "YES">
            <BuildableReference
               BuildableIdentifier = "primary"
               BlueprintIdentifier = "AD1ABAAD2831907B00B3E448"
               BuildableName = "MovieQuiz.app"
               BlueprintName = "MovieQuiz"
               ReferencedContainer = "container:MovieQuiz.xcodeproj">
            </BuildableReference>
         </BuildActionEntry>
      </BuildActionEntries>
   </BuildAction>
   <TestAction
      buildConfiguration = "Debug"
      selectedDebuggerIdentifier = "Xcode.DebuggerFoundation.Debugger.LLDB"
      selectedLauncherIdentifier = "Xcode.DebuggerFoundation.Launcher.LLDB"
      shouldUseLaunchSchemeArgsEnv = "YES"
      shouldAutocreateTestPlan = "YES">
      <Testables>
         <TestableReference
            skipped = "NO">
            <BuildableReference
               BuildableIdentifier = "primary"
               BlueprintIdentifier = "84F76B982C8A0C650022792C"
               BuildableName = "ArrayTests.xctest"
               BlueprintName = "ArrayTests"
               ReferencedContainer = "container:MovieQuiz.xcodeproj">
            </BuildableReference>
            <SelectedTests>
               <Test
                  Identifier = "ArrayTests/testGetValueInRange()">
               </Test>
               <Test
                  Identifier = "ArrayTests/testGetValueOutOfRange()">
               </Test>
               <Test
                  Identifier = "MovieQuizTests/testAddition()">
               </Test>
               <Test
                  Identifier = "MoviesLoaderTests/testFailureLoading()">
               </Test>
               <Test
                  Identifier = "MoviesLoaderTests/testSuccessLoading()">
               </Test>
               <Test
                  Identifier = "SimpleUITest/testAppLaunch()">
               </Test>
            </SelectedTests>
         </TestableReference>
         <TestableReference
            skipped = "NO">
            <BuildableReference
               BuildableIdentifier = "primary"
               BlueprintIdentifier = "84F76BA52C8A11CC0022792C"
               BuildableName = "MoviesLoaderTests.xctest"
               BlueprintName = "MoviesLoaderTests"
               ReferencedContainer = "container:MovieQuiz.xcodeproj">
            </BuildableReference>
            <SelectedTests>
               <Test
                  Identifier = "MoviesLoaderTests/testFailureLoading()">
               </Test>
               <Test
                  Identifier = "MoviesLoaderTests/testSuccessLoading()">
               </Test>
            </SelectedTests>
         </TestableReference>
         <TestableReference
            skipped = "NO">
            <BuildableReference
               BuildableIdentifier = "primary"
               BlueprintIdentifier = "84F76BC22C8A29A80022792C"
               BuildableName = "MovieQuizUITests.xctest"
               BlueprintName = "MovieQuizUITests"
               ReferencedContainer = "container:MovieQuiz.xcodeproj">
            </BuildableReference>
            <SelectedTests>
               <Test
                  Identifier = "MovieQuizUITests/testYesButton()">
               </Test>
            </SelectedTests>
         </TestableReference>
         <TestableReference
            skipped = "NO">
            <BuildableReference
               BuildableIdentifier = "primary"
               BlueprintIdentifier = "84B961582C8ADFAA0087B502"
               BuildableName = "SimpleUITest.xctest"
               BlueprintName = "SimpleUITest"
               ReferencedContainer = "container:MovieQuiz.xcodeproj">
            </BuildableReference>
            <SelectedTests>
               <Test
                  Identifier = "SimpleUITest/testAppLaunch()">
               </Test>
               <Test
                  Identifier = "SimpleUITestLaunchTests/testLaunch()">
               </Test>
            </SelectedTests>
         </TestableReference>
         <TestableReference
            skipped = "NO"
            parallelizable = "YES">
            <BuildableReference
               BuildableIdentifier = "primary"
               BlueprintIdentifier = "84C0C9E92C9AB59F003D8EBA"
               BuildableName = "MovieQuizViewControllerProtocol.xctest"
               BlueprintName = "MovieQuizViewControllerProtocol"
               ReferencedContainer = "container:MovieQuiz.xcodeproj">
            </BuildableReference>
         </TestableReference>
      </Testables>
   </TestAction>
   <LaunchAction
      buildConfiguration = "Debug"
      selectedDebuggerIdentifier = "Xcode.DebuggerFoundation.Debugger.LLDB"
      selectedLauncherIdentifier = "Xcode.DebuggerFoundation.Launcher.LLDB"
      launchStyle = "0"
      useCustomWorkingDirectory = "NO"
      ignoresPersistentStateOnLaunch = "NO"
      debugDocumentVersioning = "YES"
      debugServiceExtension = "internal"
      allowLocationSimulation = "YES">
      <BuildableProductRunnable
         runnableDebuggingMode = "0">
         <BuildableReference
            BuildableIdentifier = "primary"
            BlueprintIdentifier = "AD1ABAAD2831907B00B3E448"
            BuildableName = "MovieQuiz.app"
            BlueprintName = "MovieQuiz"
            ReferencedContainer = "container:MovieQuiz.xcodeproj">
         </BuildableReference>
      </BuildableProductRunnable>
   </LaunchAction>
   <ProfileAction
      buildConfiguration = "Release"
      shouldUseLaunchSchemeArgsEnv = "YES"
      savedToolIdentifier = ""
      useCustomWorkingDirectory = "NO"
      debugDocumentVersioning = "YES">
      <BuildableProductRunnable
         runnableDebuggingMode = "0">
         <BuildableReference
            BuildableIdentifier = "primary"
            BlueprintIdentifier = "AD1ABAAD2831907B00B3E448"
            BuildableName = "MovieQuiz.app"
            BlueprintName = "MovieQuiz"
            ReferencedContainer = "container:MovieQuiz.xcodeproj">
         </BuildableReference>
      </BuildableProductRunnable>
   </ProfileAction>
   <AnalyzeAction
      buildConfiguration = "Debug">
   </AnalyzeAction>
   <ArchiveAction
      buildConfiguration = "Release"
      revealArchiveInOrganizer = "YES">
   </ArchiveAction>
</Scheme>
